// !$*UTF8*$!
{
	archiveVersion = 1;
	classes = {
	};
	objectVersion = 50;
	objects = {

/* Begin PBXBuildFile section */
		AE586E9E21D9D2260066BC0E /* AuthenticationViewController.swift in Sources */ = {isa = PBXBuildFile; fileRef = AE586E9D21D9D2260066BC0E /* AuthenticationViewController.swift */; };
		AE586EA021D9D2590066BC0E /* PasswordsViewController.swift in Sources */ = {isa = PBXBuildFile; fileRef = AE586E9F21D9D2590066BC0E /* PasswordsViewController.swift */; };
		AE586EA221D9D7330066BC0E /* AccountViewController.swift in Sources */ = {isa = PBXBuildFile; fileRef = AE586EA121D9D7330066BC0E /* AccountViewController.swift */; };
		AE58FEF221D9B88A00C094F1 /* AppDelegate.swift in Sources */ = {isa = PBXBuildFile; fileRef = AE58FEF121D9B88A00C094F1 /* AppDelegate.swift */; };
		AE58FEF721D9B88A00C094F1 /* Main.storyboard in Resources */ = {isa = PBXBuildFile; fileRef = AE58FEF521D9B88A00C094F1 /* Main.storyboard */; };
		AE58FEFA21D9B88A00C094F1 /* OpenPass.xcdatamodeld in Sources */ = {isa = PBXBuildFile; fileRef = AE58FEF821D9B88A00C094F1 /* OpenPass.xcdatamodeld */; };
		AE58FEFC21D9B88D00C094F1 /* Assets.xcassets in Resources */ = {isa = PBXBuildFile; fileRef = AE58FEFB21D9B88D00C094F1 /* Assets.xcassets */; };
		AE58FEFF21D9B88D00C094F1 /* LaunchScreen.storyboard in Resources */ = {isa = PBXBuildFile; fileRef = AE58FEFD21D9B88D00C094F1 /* LaunchScreen.storyboard */; };
		AE58FF0A21D9B88D00C094F1 /* OpenPassTests.swift in Sources */ = {isa = PBXBuildFile; fileRef = AE58FF0921D9B88D00C094F1 /* OpenPassTests.swift */; };
		AE58FF1521D9B88D00C094F1 /* OpenPassUITests.swift in Sources */ = {isa = PBXBuildFile; fileRef = AE58FF1421D9B88D00C094F1 /* OpenPassUITests.swift */; };
		AE7843B221DBD4CE00B45FFF /* CDHelper.swift in Sources */ = {isa = PBXBuildFile; fileRef = AE7843B121DBD4CE00B45FFF /* CDHelper.swift */; };
		AE7843B921DBDD8F00B45FFF /* DataDecoder.swift in Sources */ = {isa = PBXBuildFile; fileRef = AE7843B821DBDD8F00B45FFF /* DataDecoder.swift */; };
		AE7843BB21DBDED200B45FFF /* DataEncoder.swift in Sources */ = {isa = PBXBuildFile; fileRef = AE7843BA21DBDED200B45FFF /* DataEncoder.swift */; };
		AE81464821DBF17A00F06C96 /* KeychainHelper.swift in Sources */ = {isa = PBXBuildFile; fileRef = AE81464721DBF17A00F06C96 /* KeychainHelper.swift */; };
		AE81464A21DBF1EF00F06C96 /* KeyHelper.swift in Sources */ = {isa = PBXBuildFile; fileRef = AE81464921DBF1EF00F06C96 /* KeyHelper.swift */; };
		AE81464C21DBF33700F06C96 /* Data+Encryption.swift in Sources */ = {isa = PBXBuildFile; fileRef = AE81464B21DBF33700F06C96 /* Data+Encryption.swift */; };
		AEABE9F121E118F400A64132 /* Group+CoreDataClass.swift in Sources */ = {isa = PBXBuildFile; fileRef = AEABE9ED21E118F400A64132 /* Group+CoreDataClass.swift */; };
		AEABE9F221E118F400A64132 /* Group+CoreDataProperties.swift in Sources */ = {isa = PBXBuildFile; fileRef = AEABE9EE21E118F400A64132 /* Group+CoreDataProperties.swift */; };
		AEABE9F321E118F400A64132 /* Account+CoreDataClass.swift in Sources */ = {isa = PBXBuildFile; fileRef = AEABE9EF21E118F400A64132 /* Account+CoreDataClass.swift */; };
		AEABE9F421E118F400A64132 /* Account+CoreDataProperties.swift in Sources */ = {isa = PBXBuildFile; fileRef = AEABE9F021E118F400A64132 /* Account+CoreDataProperties.swift */; };
		AED3FF5121DA8BE700D7C042 /* SettingsViewController.swift in Sources */ = {isa = PBXBuildFile; fileRef = AED3FF5021DA8BE700D7C042 /* SettingsViewController.swift */; };
		AED3FF5321DA9A2D00D7C042 /* Authentication+Process.swift in Sources */ = {isa = PBXBuildFile; fileRef = AED3FF5221DA9A2D00D7C042 /* Authentication+Process.swift */; };
		AED3FF5A21DA9F7E00D7C042 /* PasswordCell.swift in Sources */ = {isa = PBXBuildFile; fileRef = AED3FF5921DA9F7E00D7C042 /* PasswordCell.swift */; };
/* End PBXBuildFile section */

/* Begin PBXContainerItemProxy section */
		AE58FF0621D9B88D00C094F1 /* PBXContainerItemProxy */ = {
			isa = PBXContainerItemProxy;
			containerPortal = AE58FEE621D9B88900C094F1 /* Project object */;
			proxyType = 1;
			remoteGlobalIDString = AE58FEED21D9B88A00C094F1;
			remoteInfo = OpenPass;
		};
		AE58FF1121D9B88D00C094F1 /* PBXContainerItemProxy */ = {
			isa = PBXContainerItemProxy;
			containerPortal = AE58FEE621D9B88900C094F1 /* Project object */;
			proxyType = 1;
			remoteGlobalIDString = AE58FEED21D9B88A00C094F1;
			remoteInfo = OpenPass;
		};
/* End PBXContainerItemProxy section */

/* Begin PBXFileReference section */
		AE586E9D21D9D2260066BC0E /* AuthenticationViewController.swift */ = {isa = PBXFileReference; lastKnownFileType = sourcecode.swift; path = AuthenticationViewController.swift; sourceTree = "<group>"; };
		AE586E9F21D9D2590066BC0E /* PasswordsViewController.swift */ = {isa = PBXFileReference; lastKnownFileType = sourcecode.swift; path = PasswordsViewController.swift; sourceTree = "<group>"; };
		AE586EA121D9D7330066BC0E /* AccountViewController.swift */ = {isa = PBXFileReference; lastKnownFileType = sourcecode.swift; path = AccountViewController.swift; sourceTree = "<group>"; };
		AE58FEEE21D9B88A00C094F1 /* OpenPass.app */ = {isa = PBXFileReference; explicitFileType = wrapper.application; includeInIndex = 0; path = OpenPass.app; sourceTree = BUILT_PRODUCTS_DIR; };
		AE58FEF121D9B88A00C094F1 /* AppDelegate.swift */ = {isa = PBXFileReference; lastKnownFileType = sourcecode.swift; path = AppDelegate.swift; sourceTree = "<group>"; };
		AE58FEF621D9B88A00C094F1 /* Base */ = {isa = PBXFileReference; lastKnownFileType = file.storyboard; name = Base; path = Base.lproj/Main.storyboard; sourceTree = "<group>"; };
		AE58FEF921D9B88A00C094F1 /* OpenPass.xcdatamodel */ = {isa = PBXFileReference; lastKnownFileType = wrapper.xcdatamodel; path = OpenPass.xcdatamodel; sourceTree = "<group>"; };
		AE58FEFB21D9B88D00C094F1 /* Assets.xcassets */ = {isa = PBXFileReference; lastKnownFileType = folder.assetcatalog; path = Assets.xcassets; sourceTree = "<group>"; };
		AE58FEFE21D9B88D00C094F1 /* Base */ = {isa = PBXFileReference; lastKnownFileType = file.storyboard; name = Base; path = Base.lproj/LaunchScreen.storyboard; sourceTree = "<group>"; };
		AE58FF0021D9B88D00C094F1 /* Info.plist */ = {isa = PBXFileReference; lastKnownFileType = text.plist.xml; path = Info.plist; sourceTree = "<group>"; };
		AE58FF0521D9B88D00C094F1 /* OpenPassTests.xctest */ = {isa = PBXFileReference; explicitFileType = wrapper.cfbundle; includeInIndex = 0; path = OpenPassTests.xctest; sourceTree = BUILT_PRODUCTS_DIR; };
		AE58FF0921D9B88D00C094F1 /* OpenPassTests.swift */ = {isa = PBXFileReference; lastKnownFileType = sourcecode.swift; path = OpenPassTests.swift; sourceTree = "<group>"; };
		AE58FF0B21D9B88D00C094F1 /* Info.plist */ = {isa = PBXFileReference; lastKnownFileType = text.plist.xml; path = Info.plist; sourceTree = "<group>"; };
		AE58FF1021D9B88D00C094F1 /* OpenPassUITests.xctest */ = {isa = PBXFileReference; explicitFileType = wrapper.cfbundle; includeInIndex = 0; path = OpenPassUITests.xctest; sourceTree = BUILT_PRODUCTS_DIR; };
		AE58FF1421D9B88D00C094F1 /* OpenPassUITests.swift */ = {isa = PBXFileReference; lastKnownFileType = sourcecode.swift; path = OpenPassUITests.swift; sourceTree = "<group>"; };
		AE58FF1621D9B88D00C094F1 /* Info.plist */ = {isa = PBXFileReference; lastKnownFileType = text.plist.xml; path = Info.plist; sourceTree = "<group>"; };
		AE7843B121DBD4CE00B45FFF /* CDHelper.swift */ = {isa = PBXFileReference; lastKnownFileType = sourcecode.swift; path = CDHelper.swift; sourceTree = "<group>"; };
		AE7843B821DBDD8F00B45FFF /* DataDecoder.swift */ = {isa = PBXFileReference; lastKnownFileType = sourcecode.swift; path = DataDecoder.swift; sourceTree = "<group>"; };
		AE7843BA21DBDED200B45FFF /* DataEncoder.swift */ = {isa = PBXFileReference; lastKnownFileType = sourcecode.swift; path = DataEncoder.swift; sourceTree = "<group>"; };
		AE81464721DBF17A00F06C96 /* KeychainHelper.swift */ = {isa = PBXFileReference; lastKnownFileType = sourcecode.swift; path = KeychainHelper.swift; sourceTree = "<group>"; };
		AE81464921DBF1EF00F06C96 /* KeyHelper.swift */ = {isa = PBXFileReference; lastKnownFileType = sourcecode.swift; path = KeyHelper.swift; sourceTree = "<group>"; };
		AE81464B21DBF33700F06C96 /* Data+Encryption.swift */ = {isa = PBXFileReference; lastKnownFileType = sourcecode.swift; path = "Data+Encryption.swift"; sourceTree = "<group>"; };
		AE81464D21DC0CB700F06C96 /* OpenPass.entitlements */ = {isa = PBXFileReference; lastKnownFileType = text.plist.entitlements; path = OpenPass.entitlements; sourceTree = "<group>"; };
		AEABE9ED21E118F400A64132 /* Group+CoreDataClass.swift */ = {isa = PBXFileReference; lastKnownFileType = sourcecode.swift; path = "Group+CoreDataClass.swift"; sourceTree = "<group>"; };
		AEABE9EE21E118F400A64132 /* Group+CoreDataProperties.swift */ = {isa = PBXFileReference; lastKnownFileType = sourcecode.swift; path = "Group+CoreDataProperties.swift"; sourceTree = "<group>"; };
		AEABE9EF21E118F400A64132 /* Account+CoreDataClass.swift */ = {isa = PBXFileReference; lastKnownFileType = sourcecode.swift; path = "Account+CoreDataClass.swift"; sourceTree = "<group>"; };
		AEABE9F021E118F400A64132 /* Account+CoreDataProperties.swift */ = {isa = PBXFileReference; lastKnownFileType = sourcecode.swift; path = "Account+CoreDataProperties.swift"; sourceTree = "<group>"; };
		AED3FF5021DA8BE700D7C042 /* SettingsViewController.swift */ = {isa = PBXFileReference; lastKnownFileType = sourcecode.swift; path = SettingsViewController.swift; sourceTree = "<group>"; };
		AED3FF5221DA9A2D00D7C042 /* Authentication+Process.swift */ = {isa = PBXFileReference; lastKnownFileType = sourcecode.swift; path = "Authentication+Process.swift"; sourceTree = "<group>"; };
		AED3FF5921DA9F7E00D7C042 /* PasswordCell.swift */ = {isa = PBXFileReference; lastKnownFileType = sourcecode.swift; path = PasswordCell.swift; sourceTree = "<group>"; };
/* End PBXFileReference section */

/* Begin PBXFrameworksBuildPhase section */
		AE58FEEB21D9B88A00C094F1 /* Frameworks */ = {
			isa = PBXFrameworksBuildPhase;
			buildActionMask = 2147483647;
			files = (
			);
			runOnlyForDeploymentPostprocessing = 0;
		};
		AE58FF0221D9B88D00C094F1 /* Frameworks */ = {
			isa = PBXFrameworksBuildPhase;
			buildActionMask = 2147483647;
			files = (
			);
			runOnlyForDeploymentPostprocessing = 0;
		};
		AE58FF0D21D9B88D00C094F1 /* Frameworks */ = {
			isa = PBXFrameworksBuildPhase;
			buildActionMask = 2147483647;
			files = (
			);
			runOnlyForDeploymentPostprocessing = 0;
		};
/* End PBXFrameworksBuildPhase section */

/* Begin PBXGroup section */
		AE58FEE521D9B88900C094F1 = {
			isa = PBXGroup;
			children = (
				AE58FEF021D9B88A00C094F1 /* OpenPass */,
				AE58FF0821D9B88D00C094F1 /* OpenPassTests */,
				AE58FF1321D9B88D00C094F1 /* OpenPassUITests */,
				AE58FEEF21D9B88A00C094F1 /* Products */,
			);
			sourceTree = "<group>";
		};
		AE58FEEF21D9B88A00C094F1 /* Products */ = {
			isa = PBXGroup;
			children = (
				AE58FEEE21D9B88A00C094F1 /* OpenPass.app */,
				AE58FF0521D9B88D00C094F1 /* OpenPassTests.xctest */,
				AE58FF1021D9B88D00C094F1 /* OpenPassUITests.xctest */,
			);
			name = Products;
			sourceTree = "<group>";
		};
		AE58FEF021D9B88A00C094F1 /* OpenPass */ = {
			isa = PBXGroup;
			children = (
				AE81464D21DC0CB700F06C96 /* OpenPass.entitlements */,
				AE58FEF121D9B88A00C094F1 /* AppDelegate.swift */,
				AE81464521DBF16300F06C96 /* Encryption and Decryption */,
				AE58FF2321D9BA0900C094F1 /* Data Management */,
				AE58FF2221D9B9FF00C094F1 /* View Controllers */,
				AE58FEF521D9B88A00C094F1 /* Main.storyboard */,
				AE58FEFB21D9B88D00C094F1 /* Assets.xcassets */,
				AE58FEFD21D9B88D00C094F1 /* LaunchScreen.storyboard */,
				AE58FF0021D9B88D00C094F1 /* Info.plist */,
				AE58FEF821D9B88A00C094F1 /* OpenPass.xcdatamodeld */,
			);
			path = OpenPass;
			sourceTree = "<group>";
		};
		AE58FF0821D9B88D00C094F1 /* OpenPassTests */ = {
			isa = PBXGroup;
			children = (
				AE58FF0921D9B88D00C094F1 /* OpenPassTests.swift */,
				AE58FF0B21D9B88D00C094F1 /* Info.plist */,
			);
			path = OpenPassTests;
			sourceTree = "<group>";
		};
		AE58FF1321D9B88D00C094F1 /* OpenPassUITests */ = {
			isa = PBXGroup;
			children = (
				AE58FF1421D9B88D00C094F1 /* OpenPassUITests.swift */,
				AE58FF1621D9B88D00C094F1 /* Info.plist */,
			);
			path = OpenPassUITests;
			sourceTree = "<group>";
		};
		AE58FF2221D9B9FF00C094F1 /* View Controllers */ = {
			isa = PBXGroup;
			children = (
				AED3FF5821DA9F4100D7C042 /* Passwords */,
				AED3FF4F21DA8BCE00D7C042 /* Settings */,
				AED3FF4B21DA839A00D7C042 /* Authentication */,
				AE586EA121D9D7330066BC0E /* AccountViewController.swift */,
			);
			path = "View Controllers";
			sourceTree = "<group>";
		};
		AE58FF2321D9BA0900C094F1 /* Data Management */ = {
			isa = PBXGroup;
			children = (
				AEABE9ED21E118F400A64132 /* Group+CoreDataClass.swift */,
				AEABE9EE21E118F400A64132 /* Group+CoreDataProperties.swift */,
				AEABE9EF21E118F400A64132 /* Account+CoreDataClass.swift */,
				AEABE9F021E118F400A64132 /* Account+CoreDataProperties.swift */,
				AE7843B721DBDD6D00B45FFF /* Encryption */,
				AE7843A321DAD4E000B45FFF /* Core Data Helper */,
			);
			path = "Data Management";
			sourceTree = "<group>";
		};
		AE7843A321DAD4E000B45FFF /* Core Data Helper */ = {
			isa = PBXGroup;
			children = (
				AE7843B121DBD4CE00B45FFF /* CDHelper.swift */,
			);
			path = "Core Data Helper";
			sourceTree = "<group>";
		};
		AE7843B721DBDD6D00B45FFF /* Encryption */ = {
			isa = PBXGroup;
			children = (
				AE7843B821DBDD8F00B45FFF /* DataDecoder.swift */,
				AE7843BA21DBDED200B45FFF /* DataEncoder.swift */,
			);
			path = Encryption;
			sourceTree = "<group>";
		};
		AE81464521DBF16300F06C96 /* Encryption and Decryption */ = {
			isa = PBXGroup;
			children = (
				AE81464B21DBF33700F06C96 /* Data+Encryption.swift */,
				AE81464621DBF16C00F06C96 /* Keys */,
			);
			path = "Encryption and Decryption";
			sourceTree = "<group>";
		};
		AE81464621DBF16C00F06C96 /* Keys */ = {
			isa = PBXGroup;
			children = (
				AE81464721DBF17A00F06C96 /* KeychainHelper.swift */,
				AE81464921DBF1EF00F06C96 /* KeyHelper.swift */,
			);
			path = Keys;
			sourceTree = "<group>";
		};
		AED3FF4B21DA839A00D7C042 /* Authentication */ = {
			isa = PBXGroup;
			children = (
				AE586E9D21D9D2260066BC0E /* AuthenticationViewController.swift */,
				AED3FF5221DA9A2D00D7C042 /* Authentication+Process.swift */,
			);
			path = Authentication;
			sourceTree = "<group>";
		};
		AED3FF4F21DA8BCE00D7C042 /* Settings */ = {
			isa = PBXGroup;
			children = (
				AED3FF5021DA8BE700D7C042 /* SettingsViewController.swift */,
			);
			path = Settings;
			sourceTree = "<group>";
		};
		AED3FF5821DA9F4100D7C042 /* Passwords */ = {
			isa = PBXGroup;
			children = (
				AE586E9F21D9D2590066BC0E /* PasswordsViewController.swift */,
				AED3FF5921DA9F7E00D7C042 /* PasswordCell.swift */,
			);
			path = Passwords;
			sourceTree = "<group>";
		};
/* End PBXGroup section */

/* Begin PBXNativeTarget section */
		AE58FEED21D9B88A00C094F1 /* OpenPass */ = {
			isa = PBXNativeTarget;
			buildConfigurationList = AE58FF1921D9B88D00C094F1 /* Build configuration list for PBXNativeTarget "OpenPass" */;
			buildPhases = (
				AE58FEEA21D9B88A00C094F1 /* Sources */,
				AE58FEEB21D9B88A00C094F1 /* Frameworks */,
				AE58FEEC21D9B88A00C094F1 /* Resources */,
			);
			buildRules = (
			);
			dependencies = (
			);
			name = OpenPass;
			productName = OpenPass;
			productReference = AE58FEEE21D9B88A00C094F1 /* OpenPass.app */;
			productType = "com.apple.product-type.application";
		};
		AE58FF0421D9B88D00C094F1 /* OpenPassTests */ = {
			isa = PBXNativeTarget;
			buildConfigurationList = AE58FF1C21D9B88D00C094F1 /* Build configuration list for PBXNativeTarget "OpenPassTests" */;
			buildPhases = (
				1A6D1DEA6C3184C5D8694C08 /* [CP] Check Pods Manifest.lock */,
				AE58FF0121D9B88D00C094F1 /* Sources */,
				AE58FF0221D9B88D00C094F1 /* Frameworks */,
				AE58FF0321D9B88D00C094F1 /* Resources */,
			);
			buildRules = (
			);
			dependencies = (
				AE58FF0721D9B88D00C094F1 /* PBXTargetDependency */,
			);
			name = OpenPassTests;
			productName = OpenPassTests;
			productReference = AE58FF0521D9B88D00C094F1 /* OpenPassTests.xctest */;
			productType = "com.apple.product-type.bundle.unit-test";
		};
		AE58FF0F21D9B88D00C094F1 /* OpenPassUITests */ = {
			isa = PBXNativeTarget;
			buildConfigurationList = AE58FF1F21D9B88D00C094F1 /* Build configuration list for PBXNativeTarget "OpenPassUITests" */;
			buildPhases = (
				A3A0BB6F29A04FC111E544F1 /* [CP] Check Pods Manifest.lock */,
				AE58FF0C21D9B88D00C094F1 /* Sources */,
				AE58FF0D21D9B88D00C094F1 /* Frameworks */,
				AE58FF0E21D9B88D00C094F1 /* Resources */,
			);
			buildRules = (
			);
			dependencies = (
				AE58FF1221D9B88D00C094F1 /* PBXTargetDependency */,
			);
			name = OpenPassUITests;
			productName = OpenPassUITests;
			productReference = AE58FF1021D9B88D00C094F1 /* OpenPassUITests.xctest */;
			productType = "com.apple.product-type.bundle.ui-testing";
		};
/* End PBXNativeTarget section */

/* Begin PBXProject section */
		AE58FEE621D9B88900C094F1 /* Project object */ = {
			isa = PBXProject;
			attributes = {
				LastSwiftUpdateCheck = 1010;
				LastUpgradeCheck = 1010;
				ORGANIZATIONNAME = "Sylvan Martin";
				TargetAttributes = {
					AE58FEED21D9B88A00C094F1 = {
						CreatedOnToolsVersion = 10.1;
						SystemCapabilities = {
							com.apple.DataProtection = {
								enabled = 1;
							};
							com.apple.Keychain = {
								enabled = 1;
							};
						};
					};
					AE58FF0421D9B88D00C094F1 = {
						CreatedOnToolsVersion = 10.1;
						TestTargetID = AE58FEED21D9B88A00C094F1;
					};
					AE58FF0F21D9B88D00C094F1 = {
						CreatedOnToolsVersion = 10.1;
						TestTargetID = AE58FEED21D9B88A00C094F1;
					};
				};
			};
			buildConfigurationList = AE58FEE921D9B88900C094F1 /* Build configuration list for PBXProject "OpenPass" */;
			compatibilityVersion = "Xcode 9.3";
			developmentRegion = en;
			hasScannedForEncodings = 0;
			knownRegions = (
				en,
				Base,
			);
			mainGroup = AE58FEE521D9B88900C094F1;
			productRefGroup = AE58FEEF21D9B88A00C094F1 /* Products */;
			projectDirPath = "";
			projectRoot = "";
			targets = (
				AE58FEED21D9B88A00C094F1 /* OpenPass */,
				AE58FF0421D9B88D00C094F1 /* OpenPassTests */,
				AE58FF0F21D9B88D00C094F1 /* OpenPassUITests */,
			);
		};
/* End PBXProject section */

/* Begin PBXResourcesBuildPhase section */
		AE58FEEC21D9B88A00C094F1 /* Resources */ = {
			isa = PBXResourcesBuildPhase;
			buildActionMask = 2147483647;
			files = (
				AE58FEFF21D9B88D00C094F1 /* LaunchScreen.storyboard in Resources */,
				AE58FEFC21D9B88D00C094F1 /* Assets.xcassets in Resources */,
				AE58FEF721D9B88A00C094F1 /* Main.storyboard in Resources */,
			);
			runOnlyForDeploymentPostprocessing = 0;
		};
		AE58FF0321D9B88D00C094F1 /* Resources */ = {
			isa = PBXResourcesBuildPhase;
			buildActionMask = 2147483647;
			files = (
			);
			runOnlyForDeploymentPostprocessing = 0;
		};
		AE58FF0E21D9B88D00C094F1 /* Resources */ = {
			isa = PBXResourcesBuildPhase;
			buildActionMask = 2147483647;
			files = (
			);
			runOnlyForDeploymentPostprocessing = 0;
		};
/* End PBXResourcesBuildPhase section */

/* Begin PBXShellScriptBuildPhase section */
		1A6D1DEA6C3184C5D8694C08 /* [CP] Check Pods Manifest.lock */ = {
			isa = PBXShellScriptBuildPhase;
			buildActionMask = 2147483647;
			files = (
			);
			inputFileListPaths = (
			);
			inputPaths = (
				"${PODS_PODFILE_DIR_PATH}/Podfile.lock",
				"${PODS_ROOT}/Manifest.lock",
			);
			name = "[CP] Check Pods Manifest.lock";
			outputFileListPaths = (
			);
			outputPaths = (
				"$(DERIVED_FILE_DIR)/Pods-OpenPassTests-checkManifestLockResult.txt",
			);
			runOnlyForDeploymentPostprocessing = 0;
			shellPath = /bin/sh;
			shellScript = "diff \"${PODS_PODFILE_DIR_PATH}/Podfile.lock\" \"${PODS_ROOT}/Manifest.lock\" > /dev/null\nif [ $? != 0 ] ; then\n    # print error to STDERR\n    echo \"error: The sandbox is not in sync with the Podfile.lock. Run 'pod install' or update your CocoaPods installation.\" >&2\n    exit 1\nfi\n# This output is used by Xcode 'outputs' to avoid re-running this script phase.\necho \"SUCCESS\" > \"${SCRIPT_OUTPUT_FILE_0}\"\n";
			showEnvVarsInLog = 0;
		};
		A3A0BB6F29A04FC111E544F1 /* [CP] Check Pods Manifest.lock */ = {
			isa = PBXShellScriptBuildPhase;
			buildActionMask = 2147483647;
			files = (
			);
			inputFileListPaths = (
			);
			inputPaths = (
				"${PODS_PODFILE_DIR_PATH}/Podfile.lock",
				"${PODS_ROOT}/Manifest.lock",
			);
			name = "[CP] Check Pods Manifest.lock";
			outputFileListPaths = (
			);
			outputPaths = (
				"$(DERIVED_FILE_DIR)/Pods-OpenPassUITests-checkManifestLockResult.txt",
			);
			runOnlyForDeploymentPostprocessing = 0;
			shellPath = /bin/sh;
			shellScript = "diff \"${PODS_PODFILE_DIR_PATH}/Podfile.lock\" \"${PODS_ROOT}/Manifest.lock\" > /dev/null\nif [ $? != 0 ] ; then\n    # print error to STDERR\n    echo \"error: The sandbox is not in sync with the Podfile.lock. Run 'pod install' or update your CocoaPods installation.\" >&2\n    exit 1\nfi\n# This output is used by Xcode 'outputs' to avoid re-running this script phase.\necho \"SUCCESS\" > \"${SCRIPT_OUTPUT_FILE_0}\"\n";
			showEnvVarsInLog = 0;
		};
/* End PBXShellScriptBuildPhase section */

/* Begin PBXSourcesBuildPhase section */
		AE58FEEA21D9B88A00C094F1 /* Sources */ = {
			isa = PBXSourcesBuildPhase;
			buildActionMask = 2147483647;
			files = (
				AE81464C21DBF33700F06C96 /* Data+Encryption.swift in Sources */,
				AEABE9F221E118F400A64132 /* Group+CoreDataProperties.swift in Sources */,
				AE58FEF221D9B88A00C094F1 /* AppDelegate.swift in Sources */,
				AE586EA221D9D7330066BC0E /* AccountViewController.swift in Sources */,
				AED3FF5121DA8BE700D7C042 /* SettingsViewController.swift in Sources */,
				AE58FEFA21D9B88A00C094F1 /* OpenPass.xcdatamodeld in Sources */,
				AEABE9F421E118F400A64132 /* Account+CoreDataProperties.swift in Sources */,
				AED3FF5A21DA9F7E00D7C042 /* PasswordCell.swift in Sources */,
				AE7843B221DBD4CE00B45FFF /* CDHelper.swift in Sources */,
				AE7843B921DBDD8F00B45FFF /* DataDecoder.swift in Sources */,
				AE586EA021D9D2590066BC0E /* PasswordsViewController.swift in Sources */,
				AED3FF5321DA9A2D00D7C042 /* Authentication+Process.swift in Sources */,
				AEABE9F121E118F400A64132 /* Group+CoreDataClass.swift in Sources */,
				AE81464A21DBF1EF00F06C96 /* KeyHelper.swift in Sources */,
				AE81464821DBF17A00F06C96 /* KeychainHelper.swift in Sources */,
				AE7843BB21DBDED200B45FFF /* DataEncoder.swift in Sources */,
				AE586E9E21D9D2260066BC0E /* AuthenticationViewController.swift in Sources */,
				AEABE9F321E118F400A64132 /* Account+CoreDataClass.swift in Sources */,
			);
			runOnlyForDeploymentPostprocessing = 0;
		};
		AE58FF0121D9B88D00C094F1 /* Sources */ = {
			isa = PBXSourcesBuildPhase;
			buildActionMask = 2147483647;
			files = (
				AE58FF0A21D9B88D00C094F1 /* OpenPassTests.swift in Sources */,
			);
			runOnlyForDeploymentPostprocessing = 0;
		};
		AE58FF0C21D9B88D00C094F1 /* Sources */ = {
			isa = PBXSourcesBuildPhase;
			buildActionMask = 2147483647;
			files = (
				AE58FF1521D9B88D00C094F1 /* OpenPassUITests.swift in Sources */,
			);
			runOnlyForDeploymentPostprocessing = 0;
		};
/* End PBXSourcesBuildPhase section */

/* Begin PBXTargetDependency section */
		AE58FF0721D9B88D00C094F1 /* PBXTargetDependency */ = {
			isa = PBXTargetDependency;
			target = AE58FEED21D9B88A00C094F1 /* OpenPass */;
			targetProxy = AE58FF0621D9B88D00C094F1 /* PBXContainerItemProxy */;
		};
		AE58FF1221D9B88D00C094F1 /* PBXTargetDependency */ = {
			isa = PBXTargetDependency;
			target = AE58FEED21D9B88A00C094F1 /* OpenPass */;
			targetProxy = AE58FF1121D9B88D00C094F1 /* PBXContainerItemProxy */;
		};
/* End PBXTargetDependency section */

/* Begin PBXVariantGroup section */
		AE58FEF521D9B88A00C094F1 /* Main.storyboard */ = {
			isa = PBXVariantGroup;
			children = (
				AE58FEF621D9B88A00C094F1 /* Base */,
			);
			name = Main.storyboard;
			sourceTree = "<group>";
		};
		AE58FEFD21D9B88D00C094F1 /* LaunchScreen.storyboard */ = {
			isa = PBXVariantGroup;
			children = (
				AE58FEFE21D9B88D00C094F1 /* Base */,
			);
			name = LaunchScreen.storyboard;
			sourceTree = "<group>";
		};
/* End PBXVariantGroup section */

/* Begin XCBuildConfiguration section */
		AE58FF1721D9B88D00C094F1 /* Debug */ = {
			isa = XCBuildConfiguration;
			buildSettings = {
				ALWAYS_SEARCH_USER_PATHS = NO;
				CLANG_ANALYZER_NONNULL = YES;
				CLANG_ANALYZER_NUMBER_OBJECT_CONVERSION = YES_AGGRESSIVE;
				CLANG_CXX_LANGUAGE_STANDARD = "gnu++14";
				CLANG_CXX_LIBRARY = "libc++";
				CLANG_ENABLE_MODULES = YES;
				CLANG_ENABLE_OBJC_ARC = YES;
				CLANG_ENABLE_OBJC_WEAK = YES;
				CLANG_WARN_BLOCK_CAPTURE_AUTORELEASING = YES;
				CLANG_WARN_BOOL_CONVERSION = YES;
				CLANG_WARN_COMMA = YES;
				CLANG_WARN_CONSTANT_CONVERSION = YES;
				CLANG_WARN_DEPRECATED_OBJC_IMPLEMENTATIONS = YES;
				CLANG_WARN_DIRECT_OBJC_ISA_USAGE = YES_ERROR;
				CLANG_WARN_DOCUMENTATION_COMMENTS = YES;
				CLANG_WARN_EMPTY_BODY = YES;
				CLANG_WARN_ENUM_CONVERSION = YES;
				CLANG_WARN_INFINITE_RECURSION = YES;
				CLANG_WARN_INT_CONVERSION = YES;
				CLANG_WARN_NON_LITERAL_NULL_CONVERSION = YES;
				CLANG_WARN_OBJC_IMPLICIT_RETAIN_SELF = YES;
				CLANG_WARN_OBJC_LITERAL_CONVERSION = YES;
				CLANG_WARN_OBJC_ROOT_CLASS = YES_ERROR;
				CLANG_WARN_RANGE_LOOP_ANALYSIS = YES;
				CLANG_WARN_STRICT_PROTOTYPES = YES;
				CLANG_WARN_SUSPICIOUS_MOVE = YES;
				CLANG_WARN_UNGUARDED_AVAILABILITY = YES_AGGRESSIVE;
				CLANG_WARN_UNREACHABLE_CODE = YES;
				CLANG_WARN__DUPLICATE_METHOD_MATCH = YES;
				CODE_SIGN_IDENTITY = "iPhone Developer";
				COPY_PHASE_STRIP = NO;
				DEBUG_INFORMATION_FORMAT = dwarf;
				ENABLE_STRICT_OBJC_MSGSEND = YES;
				ENABLE_TESTABILITY = YES;
				GCC_C_LANGUAGE_STANDARD = gnu11;
				GCC_DYNAMIC_NO_PIC = NO;
				GCC_NO_COMMON_BLOCKS = YES;
				GCC_OPTIMIZATION_LEVEL = 0;
				GCC_PREPROCESSOR_DEFINITIONS = (
					"DEBUG=1",
					"$(inherited)",
				);
				GCC_WARN_64_TO_32_BIT_CONVERSION = YES;
				GCC_WARN_ABOUT_RETURN_TYPE = YES_ERROR;
				GCC_WARN_UNDECLARED_SELECTOR = YES;
				GCC_WARN_UNINITIALIZED_AUTOS = YES_AGGRESSIVE;
				GCC_WARN_UNUSED_FUNCTION = YES;
				GCC_WARN_UNUSED_VARIABLE = YES;
				IPHONEOS_DEPLOYMENT_TARGET = 12.1;
				MTL_ENABLE_DEBUG_INFO = INCLUDE_SOURCE;
				MTL_FAST_MATH = YES;
				ONLY_ACTIVE_ARCH = YES;
				SDKROOT = iphoneos;
				SWIFT_ACTIVE_COMPILATION_CONDITIONS = DEBUG;
				SWIFT_OPTIMIZATION_LEVEL = "-Onone";
			};
			name = Debug;
		};
		AE58FF1821D9B88D00C094F1 /* Release */ = {
			isa = XCBuildConfiguration;
			buildSettings = {
				ALWAYS_SEARCH_USER_PATHS = NO;
				CLANG_ANALYZER_NONNULL = YES;
				CLANG_ANALYZER_NUMBER_OBJECT_CONVERSION = YES_AGGRESSIVE;
				CLANG_CXX_LANGUAGE_STANDARD = "gnu++14";
				CLANG_CXX_LIBRARY = "libc++";
				CLANG_ENABLE_MODULES = YES;
				CLANG_ENABLE_OBJC_ARC = YES;
				CLANG_ENABLE_OBJC_WEAK = YES;
				CLANG_WARN_BLOCK_CAPTURE_AUTORELEASING = YES;
				CLANG_WARN_BOOL_CONVERSION = YES;
				CLANG_WARN_COMMA = YES;
				CLANG_WARN_CONSTANT_CONVERSION = YES;
				CLANG_WARN_DEPRECATED_OBJC_IMPLEMENTATIONS = YES;
				CLANG_WARN_DIRECT_OBJC_ISA_USAGE = YES_ERROR;
				CLANG_WARN_DOCUMENTATION_COMMENTS = YES;
				CLANG_WARN_EMPTY_BODY = YES;
				CLANG_WARN_ENUM_CONVERSION = YES;
				CLANG_WARN_INFINITE_RECURSION = YES;
				CLANG_WARN_INT_CONVERSION = YES;
				CLANG_WARN_NON_LITERAL_NULL_CONVERSION = YES;
				CLANG_WARN_OBJC_IMPLICIT_RETAIN_SELF = YES;
				CLANG_WARN_OBJC_LITERAL_CONVERSION = YES;
				CLANG_WARN_OBJC_ROOT_CLASS = YES_ERROR;
				CLANG_WARN_RANGE_LOOP_ANALYSIS = YES;
				CLANG_WARN_STRICT_PROTOTYPES = YES;
				CLANG_WARN_SUSPICIOUS_MOVE = YES;
				CLANG_WARN_UNGUARDED_AVAILABILITY = YES_AGGRESSIVE;
				CLANG_WARN_UNREACHABLE_CODE = YES;
				CLANG_WARN__DUPLICATE_METHOD_MATCH = YES;
				CODE_SIGN_IDENTITY = "iPhone Developer";
				COPY_PHASE_STRIP = NO;
				DEBUG_INFORMATION_FORMAT = "dwarf-with-dsym";
				ENABLE_NS_ASSERTIONS = NO;
				ENABLE_STRICT_OBJC_MSGSEND = YES;
				GCC_C_LANGUAGE_STANDARD = gnu11;
				GCC_NO_COMMON_BLOCKS = YES;
				GCC_WARN_64_TO_32_BIT_CONVERSION = YES;
				GCC_WARN_ABOUT_RETURN_TYPE = YES_ERROR;
				GCC_WARN_UNDECLARED_SELECTOR = YES;
				GCC_WARN_UNINITIALIZED_AUTOS = YES_AGGRESSIVE;
				GCC_WARN_UNUSED_FUNCTION = YES;
				GCC_WARN_UNUSED_VARIABLE = YES;
				IPHONEOS_DEPLOYMENT_TARGET = 12.1;
				MTL_ENABLE_DEBUG_INFO = NO;
				MTL_FAST_MATH = YES;
				SDKROOT = iphoneos;
				SWIFT_COMPILATION_MODE = wholemodule;
				SWIFT_OPTIMIZATION_LEVEL = "-O";
				VALIDATE_PRODUCT = YES;
			};
			name = Release;
		};
		AE58FF1A21D9B88D00C094F1 /* Debug */ = {
			isa = XCBuildConfiguration;
			buildSettings = {
				ASSETCATALOG_COMPILER_APPICON_NAME = AppIcon;
				CODE_SIGN_ENTITLEMENTS = OpenPass/OpenPass.entitlements;
				CODE_SIGN_STYLE = Automatic;
				DEVELOPMENT_TEAM = JDSTZ7K2MV;
				INFOPLIST_FILE = OpenPass/Info.plist;
				LD_RUNPATH_SEARCH_PATHS = (
					"$(inherited)",
					"@executable_path/Frameworks",
				);
				PRODUCT_BUNDLE_IDENTIFIER = martin.OpenPass;
				PRODUCT_NAME = "$(TARGET_NAME)";
				SWIFT_VERSION = 4.2;
				TARGETED_DEVICE_FAMILY = "1,2";
			};
			name = Debug;
		};
		AE58FF1B21D9B88D00C094F1 /* Release */ = {
			isa = XCBuildConfiguration;
			buildSettings = {
				ASSETCATALOG_COMPILER_APPICON_NAME = AppIcon;
				CODE_SIGN_ENTITLEMENTS = OpenPass/OpenPass.entitlements;
				CODE_SIGN_STYLE = Automatic;
				DEVELOPMENT_TEAM = JDSTZ7K2MV;
				INFOPLIST_FILE = OpenPass/Info.plist;
				LD_RUNPATH_SEARCH_PATHS = (
					"$(inherited)",
					"@executable_path/Frameworks",
				);
				PRODUCT_BUNDLE_IDENTIFIER = martin.OpenPass;
				PRODUCT_NAME = "$(TARGET_NAME)";
				SWIFT_VERSION = 4.2;
				TARGETED_DEVICE_FAMILY = "1,2";
			};
			name = Release;
		};
		AE58FF1D21D9B88D00C094F1 /* Debug */ = {
			isa = XCBuildConfiguration;
			buildSettings = {
				ALWAYS_EMBED_SWIFT_STANDARD_LIBRARIES = YES;
				BUNDLE_LOADER = "$(TEST_HOST)";
				CODE_SIGN_STYLE = Automatic;
				DEVELOPMENT_TEAM = JDSTZ7K2MV;
				INFOPLIST_FILE = OpenPassTests/Info.plist;
				LD_RUNPATH_SEARCH_PATHS = (
					"$(inherited)",
					"@executable_path/Frameworks",
					"@loader_path/Frameworks",
				);
				PRODUCT_BUNDLE_IDENTIFIER = martin.OpenPassTests;
				PRODUCT_NAME = "$(TARGET_NAME)";
				SWIFT_VERSION = 4.2;
				TARGETED_DEVICE_FAMILY = "1,2";
				TEST_HOST = "$(BUILT_PRODUCTS_DIR)/OpenPass.app/OpenPass";
			};
			name = Debug;
		};
		AE58FF1E21D9B88D00C094F1 /* Release */ = {
			isa = XCBuildConfiguration;
			buildSettings = {
				ALWAYS_EMBED_SWIFT_STANDARD_LIBRARIES = YES;
				BUNDLE_LOADER = "$(TEST_HOST)";
				CODE_SIGN_STYLE = Automatic;
				DEVELOPMENT_TEAM = JDSTZ7K2MV;
				INFOPLIST_FILE = OpenPassTests/Info.plist;
				LD_RUNPATH_SEARCH_PATHS = (
					"$(inherited)",
					"@executable_path/Frameworks",
					"@loader_path/Frameworks",
				);
				PRODUCT_BUNDLE_IDENTIFIER = martin.OpenPassTests;
				PRODUCT_NAME = "$(TARGET_NAME)";
				SWIFT_VERSION = 4.2;
				TARGETED_DEVICE_FAMILY = "1,2";
				TEST_HOST = "$(BUILT_PRODUCTS_DIR)/OpenPass.app/OpenPass";
			};
			name = Release;
		};
		AE58FF2021D9B88D00C094F1 /* Debug */ = {
			isa = XCBuildConfiguration;
			buildSettings = {
				ALWAYS_EMBED_SWIFT_STANDARD_LIBRARIES = YES;
				CODE_SIGN_STYLE = Automatic;
				DEVELOPMENT_TEAM = JDSTZ7K2MV;
				INFOPLIST_FILE = OpenPassUITests/Info.plist;
				LD_RUNPATH_SEARCH_PATHS = (
					"$(inherited)",
					"@executable_path/Frameworks",
					"@loader_path/Frameworks",
				);
				PRODUCT_BUNDLE_IDENTIFIER = martin.OpenPassUITests;
				PRODUCT_NAME = "$(TARGET_NAME)";
				SWIFT_VERSION = 4.2;
				TARGETED_DEVICE_FAMILY = "1,2";
				TEST_TARGET_NAME = OpenPass;
			};
			name = Debug;
		};
		AE58FF2121D9B88D00C094F1 /* Release */ = {
			isa = XCBuildConfiguration;
			buildSettings = {
				ALWAYS_EMBED_SWIFT_STANDARD_LIBRARIES = YES;
				CODE_SIGN_STYLE = Automatic;
				DEVELOPMENT_TEAM = JDSTZ7K2MV;
				INFOPLIST_FILE = OpenPassUITests/Info.plist;
				LD_RUNPATH_SEARCH_PATHS = (
					"$(inherited)",
					"@executable_path/Frameworks",
					"@loader_path/Frameworks",
				);
				PRODUCT_BUNDLE_IDENTIFIER = martin.OpenPassUITests;
				PRODUCT_NAME = "$(TARGET_NAME)";
				SWIFT_VERSION = 4.2;
				TARGETED_DEVICE_FAMILY = "1,2";
				TEST_TARGET_NAME = OpenPass;
			};
			name = Release;
		};
/* End XCBuildConfiguration section */

/* Begin XCConfigurationList section */
		AE58FEE921D9B88900C094F1 /* Build configuration list for PBXProject "OpenPass" */ = {
			isa = XCConfigurationList;
			buildConfigurations = (
				AE58FF1721D9B88D00C094F1 /* Debug */,
				AE58FF1821D9B88D00C094F1 /* Release */,
			);
			defaultConfigurationIsVisible = 0;
			defaultConfigurationName = Release;
		};
		AE58FF1921D9B88D00C094F1 /* Build configuration list for PBXNativeTarget "OpenPass" */ = {
			isa = XCConfigurationList;
			buildConfigurations = (
				AE58FF1A21D9B88D00C094F1 /* Debug */,
				AE58FF1B21D9B88D00C094F1 /* Release */,
			);
			defaultConfigurationIsVisible = 0;
			defaultConfigurationName = Release;
		};
		AE58FF1C21D9B88D00C094F1 /* Build configuration list for PBXNativeTarget "OpenPassTests" */ = {
			isa = XCConfigurationList;
			buildConfigurations = (
				AE58FF1D21D9B88D00C094F1 /* Debug */,
				AE58FF1E21D9B88D00C094F1 /* Release */,
			);
			defaultConfigurationIsVisible = 0;
			defaultConfigurationName = Release;
		};
		AE58FF1F21D9B88D00C094F1 /* Build configuration list for PBXNativeTarget "OpenPassUITests" */ = {
			isa = XCConfigurationList;
			buildConfigurations = (
				AE58FF2021D9B88D00C094F1 /* Debug */,
				AE58FF2121D9B88D00C094F1 /* Release */,
			);
			defaultConfigurationIsVisible = 0;
			defaultConfigurationName = Release;
		};
/* End XCConfigurationList section */

/* Begin XCVersionGroup section */
		AE58FEF821D9B88A00C094F1 /* OpenPass.xcdatamodeld */ = {
			isa = XCVersionGroup;
			children = (
				AE58FEF921D9B88A00C094F1 /* OpenPass.xcdatamodel */,
			);
			currentVersion = AE58FEF921D9B88A00C094F1 /* OpenPass.xcdatamodel */;
			path = OpenPass.xcdatamodeld;
			sourceTree = "<group>";
			versionGroupType = wrapper.xcdatamodel;
		};
/* End XCVersionGroup section */
	};
	rootObject = AE58FEE621D9B88900C094F1 /* Project object */;
}
