// !$*UTF8*$!
{
	archiveVersion = 1;
	classes = {
	};
	objectVersion = 51;
	objects = {

/* Begin PBXBuildFile section */
		AE02CBFD21EC0FA800806937 /* UserSettings.swift in Sources */ = {isa = PBXBuildFile; fileRef = AE02CBFC21EC0FA800806937 /* UserSettings.swift */; };
		AE02CC0321EC210900806937 /* Account+CoreDataClass.swift in Sources */ = {isa = PBXBuildFile; fileRef = AE02CC0121EC210900806937 /* Account+CoreDataClass.swift */; };
		AE02CC0421EC210900806937 /* Account+CoreDataProperties.swift in Sources */ = {isa = PBXBuildFile; fileRef = AE02CC0221EC210900806937 /* Account+CoreDataProperties.swift */; };
		AE2DA2112213979F00329D48 /* CDHelper.swift in Sources */ = {isa = PBXBuildFile; fileRef = AE2DA2102213979F00329D48 /* CDHelper.swift */; };
		AE2DA212221397A700329D48 /* CDHelper.swift in Sources */ = {isa = PBXBuildFile; fileRef = AE2DA2102213979F00329D48 /* CDHelper.swift */; };
		AE3E7313221236EA000313B2 /* PersistentContainer.swift in Sources */ = {isa = PBXBuildFile; fileRef = AE3E7312221236EA000313B2 /* PersistentContainer.swift */; };
		AE3E731422124081000313B2 /* PersistentContainer.swift in Sources */ = {isa = PBXBuildFile; fileRef = AE3E7312221236EA000313B2 /* PersistentContainer.swift */; };
		AE586E9E21D9D2260066BC0E /* AuthenticationViewController.swift in Sources */ = {isa = PBXBuildFile; fileRef = AE586E9D21D9D2260066BC0E /* AuthenticationViewController.swift */; };
		AE586EA021D9D2590066BC0E /* PasswordsViewController.swift in Sources */ = {isa = PBXBuildFile; fileRef = AE586E9F21D9D2590066BC0E /* PasswordsViewController.swift */; };
		AE586EA221D9D7330066BC0E /* AccountViewController.swift in Sources */ = {isa = PBXBuildFile; fileRef = AE586EA121D9D7330066BC0E /* AccountViewController.swift */; };
		AE58FEF221D9B88A00C094F1 /* AppDelegate.swift in Sources */ = {isa = PBXBuildFile; fileRef = AE58FEF121D9B88A00C094F1 /* AppDelegate.swift */; };
		AE58FEF721D9B88A00C094F1 /* Main.storyboard in Resources */ = {isa = PBXBuildFile; fileRef = AE58FEF521D9B88A00C094F1 /* Main.storyboard */; };
		AE58FEFA21D9B88A00C094F1 /* OpenPass.xcdatamodeld in Sources */ = {isa = PBXBuildFile; fileRef = AE58FEF821D9B88A00C094F1 /* OpenPass.xcdatamodeld */; };
		AE58FEFC21D9B88D00C094F1 /* Assets.xcassets in Resources */ = {isa = PBXBuildFile; fileRef = AE58FEFB21D9B88D00C094F1 /* Assets.xcassets */; };
		AE58FF0A21D9B88D00C094F1 /* OpenPassTests.swift in Sources */ = {isa = PBXBuildFile; fileRef = AE58FF0921D9B88D00C094F1 /* OpenPassTests.swift */; };
		AE58FF1521D9B88D00C094F1 /* OpenPassUITests.swift in Sources */ = {isa = PBXBuildFile; fileRef = AE58FF1421D9B88D00C094F1 /* OpenPassUITests.swift */; };
		AE7006502207C37900E404C5 /* UIColor+Themes.swift in Sources */ = {isa = PBXBuildFile; fileRef = AE70064F2207C37900E404C5 /* UIColor+Themes.swift */; };
		AE7843B921DBDD8F00B45FFF /* DataDecoder.swift in Sources */ = {isa = PBXBuildFile; fileRef = AE7843B821DBDD8F00B45FFF /* DataDecoder.swift */; };
		AE7843BB21DBDED200B45FFF /* DataEncoder.swift in Sources */ = {isa = PBXBuildFile; fileRef = AE7843BA21DBDED200B45FFF /* DataEncoder.swift */; };
		AE81464821DBF17A00F06C96 /* KeychainHelper.swift in Sources */ = {isa = PBXBuildFile; fileRef = AE81464721DBF17A00F06C96 /* KeychainHelper.swift */; };
		AE81464A21DBF1EF00F06C96 /* KeyHelper.swift in Sources */ = {isa = PBXBuildFile; fileRef = AE81464921DBF1EF00F06C96 /* KeyHelper.swift */; };
		AE81464C21DBF33700F06C96 /* Data+Encryption.swift in Sources */ = {isa = PBXBuildFile; fileRef = AE81464B21DBF33700F06C96 /* Data+Encryption.swift */; };
		AE8DC20621EA64DD00E68B64 /* Passwords+Searching.swift in Sources */ = {isa = PBXBuildFile; fileRef = AE8DC20521EA64DD00E68B64 /* Passwords+Searching.swift */; };
		AEC191F521E42DB900283478 /* TextHolder.swift in Sources */ = {isa = PBXBuildFile; fileRef = AEC191F421E42DB900283478 /* TextHolder.swift */; };
		AEC191F721E42DDE00283478 /* UITextView+Holder.swift in Sources */ = {isa = PBXBuildFile; fileRef = AEC191F621E42DDE00283478 /* UITextView+Holder.swift */; };
		AEC191F921E42E3C00283478 /* UITextField+Holder.swift in Sources */ = {isa = PBXBuildFile; fileRef = AEC191F821E42E3C00283478 /* UITextField+Holder.swift */; };
		AEC191FB21E435E900283478 /* Launch.storyboard in Resources */ = {isa = PBXBuildFile; fileRef = AEC191FA21E435E900283478 /* Launch.storyboard */; };
		AED3FF5121DA8BE700D7C042 /* SettingsViewController.swift in Sources */ = {isa = PBXBuildFile; fileRef = AED3FF5021DA8BE700D7C042 /* SettingsViewController.swift */; };
		AED3FF5321DA9A2D00D7C042 /* Authentication+Process.swift in Sources */ = {isa = PBXBuildFile; fileRef = AED3FF5221DA9A2D00D7C042 /* Authentication+Process.swift */; };
		AED3FF5A21DA9F7E00D7C042 /* PasswordCell.swift in Sources */ = {isa = PBXBuildFile; fileRef = AED3FF5921DA9F7E00D7C042 /* PasswordCell.swift */; };
		AED9F4092211EB0700BB31EB /* Messages.framework in Frameworks */ = {isa = PBXBuildFile; fileRef = AED9F4082211EB0700BB31EB /* Messages.framework */; };
		AED9F40C2211EB0700BB31EB /* MessagesViewController.swift in Sources */ = {isa = PBXBuildFile; fileRef = AED9F40B2211EB0700BB31EB /* MessagesViewController.swift */; };
		AED9F40F2211EB0700BB31EB /* MainInterface.storyboard in Resources */ = {isa = PBXBuildFile; fileRef = AED9F40D2211EB0700BB31EB /* MainInterface.storyboard */; };
		AED9F4112211EB0700BB31EB /* Assets.xcassets in Resources */ = {isa = PBXBuildFile; fileRef = AED9F4102211EB0700BB31EB /* Assets.xcassets */; };
		AED9F4152211EB0700BB31EB /* OpenPass Communication.appex in Embed App Extensions */ = {isa = PBXBuildFile; fileRef = AED9F4062211EB0600BB31EB /* OpenPass Communication.appex */; settings = {ATTRIBUTES = (RemoveHeadersOnCopy, ); }; };
		AED9F4232211EFE800BB31EB /* MVC+CollectionViewController.swift in Sources */ = {isa = PBXBuildFile; fileRef = AED9F4222211EFE800BB31EB /* MVC+CollectionViewController.swift */; };
		AED9F4252211F08C00BB31EB /* PasswordCollectionViewCell.swift in Sources */ = {isa = PBXBuildFile; fileRef = AED9F4242211F08C00BB31EB /* PasswordCollectionViewCell.swift */; };
		AED9F4272211F21200BB31EB /* OpenPass.xcdatamodeld in Sources */ = {isa = PBXBuildFile; fileRef = AE58FEF821D9B88A00C094F1 /* OpenPass.xcdatamodeld */; };
		AED9F43D2211F52100BB31EB /* Account+CoreDataClass.swift in Sources */ = {isa = PBXBuildFile; fileRef = AE02CC0121EC210900806937 /* Account+CoreDataClass.swift */; };
		AED9F43E2211F52C00BB31EB /* Account+CoreDataProperties.swift in Sources */ = {isa = PBXBuildFile; fileRef = AE02CC0221EC210900806937 /* Account+CoreDataProperties.swift */; };
		AED9F43F2211F53200BB31EB /* DataDecoder.swift in Sources */ = {isa = PBXBuildFile; fileRef = AE7843B821DBDD8F00B45FFF /* DataDecoder.swift */; };
		AED9F4402211F53200BB31EB /* DataEncoder.swift in Sources */ = {isa = PBXBuildFile; fileRef = AE7843BA21DBDED200B45FFF /* DataEncoder.swift */; };
		AED9F4422211F54E00BB31EB /* Data+Encryption.swift in Sources */ = {isa = PBXBuildFile; fileRef = AE81464B21DBF33700F06C96 /* Data+Encryption.swift */; };
		AED9F4432211F55200BB31EB /* KeychainHelper.swift in Sources */ = {isa = PBXBuildFile; fileRef = AE81464721DBF17A00F06C96 /* KeychainHelper.swift */; };
		AED9F4442211F55200BB31EB /* KeyHelper.swift in Sources */ = {isa = PBXBuildFile; fileRef = AE81464921DBF1EF00F06C96 /* KeyHelper.swift */; };
		AED9F4462211F57600BB31EB /* UserSettings.swift in Sources */ = {isa = PBXBuildFile; fileRef = AE02CBFC21EC0FA800806937 /* UserSettings.swift */; };
		AEFB54DF21ECD1C500B593CC /* LimitedTextField.swift in Sources */ = {isa = PBXBuildFile; fileRef = AEFB54DE21ECD1C500B593CC /* LimitedTextField.swift */; };
		AEFB54E221ECE26100B593CC /* Notification+Names.swift in Sources */ = {isa = PBXBuildFile; fileRef = AEFB54E121ECE26100B593CC /* Notification+Names.swift */; };
		AEFB54E521ECE2DF00B593CC /* RootNavController.swift in Sources */ = {isa = PBXBuildFile; fileRef = AEFB54E421ECE2DF00B593CC /* RootNavController.swift */; };
/* End PBXBuildFile section */

/* Begin PBXContainerItemProxy section */
		AE58FF0621D9B88D00C094F1 /* PBXContainerItemProxy */ = {
			isa = PBXContainerItemProxy;
			containerPortal = AE58FEE621D9B88900C094F1 /* Project object */;
			proxyType = 1;
			remoteGlobalIDString = AE58FEED21D9B88A00C094F1;
			remoteInfo = OpenPass;
		};
		AE58FF1121D9B88D00C094F1 /* PBXContainerItemProxy */ = {
			isa = PBXContainerItemProxy;
			containerPortal = AE58FEE621D9B88900C094F1 /* Project object */;
			proxyType = 1;
			remoteGlobalIDString = AE58FEED21D9B88A00C094F1;
			remoteInfo = OpenPass;
		};
		AED9F4132211EB0700BB31EB /* PBXContainerItemProxy */ = {
			isa = PBXContainerItemProxy;
			containerPortal = AE58FEE621D9B88900C094F1 /* Project object */;
			proxyType = 1;
			remoteGlobalIDString = AED9F4052211EB0600BB31EB;
			remoteInfo = "OpenPass Communication";
		};
/* End PBXContainerItemProxy section */

/* Begin PBXCopyFilesBuildPhase section */
		AED9F4192211EB0700BB31EB /* Embed App Extensions */ = {
			isa = PBXCopyFilesBuildPhase;
			buildActionMask = 2147483647;
			dstPath = "";
			dstSubfolderSpec = 13;
			files = (
				AED9F4152211EB0700BB31EB /* OpenPass Communication.appex in Embed App Extensions */,
			);
			name = "Embed App Extensions";
			runOnlyForDeploymentPostprocessing = 0;
		};
/* End PBXCopyFilesBuildPhase section */

/* Begin PBXFileReference section */
		AE02CBFC21EC0FA800806937 /* UserSettings.swift */ = {isa = PBXFileReference; lastKnownFileType = sourcecode.swift; path = UserSettings.swift; sourceTree = "<group>"; };
		AE02CC0121EC210900806937 /* Account+CoreDataClass.swift */ = {isa = PBXFileReference; lastKnownFileType = sourcecode.swift; path = "Account+CoreDataClass.swift"; sourceTree = "<group>"; };
		AE02CC0221EC210900806937 /* Account+CoreDataProperties.swift */ = {isa = PBXFileReference; lastKnownFileType = sourcecode.swift; path = "Account+CoreDataProperties.swift"; sourceTree = "<group>"; };
		AE2DA2102213979F00329D48 /* CDHelper.swift */ = {isa = PBXFileReference; fileEncoding = 4; lastKnownFileType = sourcecode.swift; path = CDHelper.swift; sourceTree = "<group>"; };
		AE3E7312221236EA000313B2 /* PersistentContainer.swift */ = {isa = PBXFileReference; lastKnownFileType = sourcecode.swift; path = PersistentContainer.swift; sourceTree = "<group>"; };
		AE586E9D21D9D2260066BC0E /* AuthenticationViewController.swift */ = {isa = PBXFileReference; lastKnownFileType = sourcecode.swift; path = AuthenticationViewController.swift; sourceTree = "<group>"; };
		AE586E9F21D9D2590066BC0E /* PasswordsViewController.swift */ = {isa = PBXFileReference; lastKnownFileType = sourcecode.swift; path = PasswordsViewController.swift; sourceTree = "<group>"; };
		AE586EA121D9D7330066BC0E /* AccountViewController.swift */ = {isa = PBXFileReference; lastKnownFileType = sourcecode.swift; path = AccountViewController.swift; sourceTree = "<group>"; };
		AE58FEEE21D9B88A00C094F1 /* OpenPass.app */ = {isa = PBXFileReference; explicitFileType = wrapper.application; includeInIndex = 0; path = OpenPass.app; sourceTree = BUILT_PRODUCTS_DIR; };
		AE58FEF121D9B88A00C094F1 /* AppDelegate.swift */ = {isa = PBXFileReference; lastKnownFileType = sourcecode.swift; path = AppDelegate.swift; sourceTree = "<group>"; };
		AE58FEF621D9B88A00C094F1 /* Base */ = {isa = PBXFileReference; lastKnownFileType = file.storyboard; name = Base; path = Base.lproj/Main.storyboard; sourceTree = "<group>"; };
		AE58FEF921D9B88A00C094F1 /* OpenPass.xcdatamodel */ = {isa = PBXFileReference; lastKnownFileType = wrapper.xcdatamodel; path = OpenPass.xcdatamodel; sourceTree = "<group>"; };
		AE58FEFB21D9B88D00C094F1 /* Assets.xcassets */ = {isa = PBXFileReference; lastKnownFileType = folder.assetcatalog; path = Assets.xcassets; sourceTree = "<group>"; };
		AE58FF0021D9B88D00C094F1 /* Info.plist */ = {isa = PBXFileReference; lastKnownFileType = text.plist.xml; path = Info.plist; sourceTree = "<group>"; };
		AE58FF0521D9B88D00C094F1 /* OpenPassTests.xctest */ = {isa = PBXFileReference; explicitFileType = wrapper.cfbundle; includeInIndex = 0; path = OpenPassTests.xctest; sourceTree = BUILT_PRODUCTS_DIR; };
		AE58FF0921D9B88D00C094F1 /* OpenPassTests.swift */ = {isa = PBXFileReference; lastKnownFileType = sourcecode.swift; path = OpenPassTests.swift; sourceTree = "<group>"; };
		AE58FF0B21D9B88D00C094F1 /* Info.plist */ = {isa = PBXFileReference; lastKnownFileType = text.plist.xml; path = Info.plist; sourceTree = "<group>"; };
		AE58FF1021D9B88D00C094F1 /* OpenPassUITests.xctest */ = {isa = PBXFileReference; explicitFileType = wrapper.cfbundle; includeInIndex = 0; path = OpenPassUITests.xctest; sourceTree = BUILT_PRODUCTS_DIR; };
		AE58FF1421D9B88D00C094F1 /* OpenPassUITests.swift */ = {isa = PBXFileReference; lastKnownFileType = sourcecode.swift; path = OpenPassUITests.swift; sourceTree = "<group>"; };
		AE58FF1621D9B88D00C094F1 /* Info.plist */ = {isa = PBXFileReference; lastKnownFileType = text.plist.xml; path = Info.plist; sourceTree = "<group>"; };
		AE70064F2207C37900E404C5 /* UIColor+Themes.swift */ = {isa = PBXFileReference; lastKnownFileType = sourcecode.swift; path = "UIColor+Themes.swift"; sourceTree = "<group>"; };
		AE7843B821DBDD8F00B45FFF /* DataDecoder.swift */ = {isa = PBXFileReference; lastKnownFileType = sourcecode.swift; path = DataDecoder.swift; sourceTree = "<group>"; };
		AE7843BA21DBDED200B45FFF /* DataEncoder.swift */ = {isa = PBXFileReference; lastKnownFileType = sourcecode.swift; path = DataEncoder.swift; sourceTree = "<group>"; };
		AE81464721DBF17A00F06C96 /* KeychainHelper.swift */ = {isa = PBXFileReference; lastKnownFileType = sourcecode.swift; path = KeychainHelper.swift; sourceTree = "<group>"; };
		AE81464921DBF1EF00F06C96 /* KeyHelper.swift */ = {isa = PBXFileReference; lastKnownFileType = sourcecode.swift; path = KeyHelper.swift; sourceTree = "<group>"; };
		AE81464B21DBF33700F06C96 /* Data+Encryption.swift */ = {isa = PBXFileReference; lastKnownFileType = sourcecode.swift; path = "Data+Encryption.swift"; sourceTree = "<group>"; };
		AE81464D21DC0CB700F06C96 /* OpenPass.entitlements */ = {isa = PBXFileReference; lastKnownFileType = text.plist.entitlements; path = OpenPass.entitlements; sourceTree = "<group>"; };
		AE8DC20521EA64DD00E68B64 /* Passwords+Searching.swift */ = {isa = PBXFileReference; lastKnownFileType = sourcecode.swift; path = "Passwords+Searching.swift"; sourceTree = "<group>"; };
		AEC191F421E42DB900283478 /* TextHolder.swift */ = {isa = PBXFileReference; lastKnownFileType = sourcecode.swift; path = TextHolder.swift; sourceTree = "<group>"; };
		AEC191F621E42DDE00283478 /* UITextView+Holder.swift */ = {isa = PBXFileReference; lastKnownFileType = sourcecode.swift; path = "UITextView+Holder.swift"; sourceTree = "<group>"; };
		AEC191F821E42E3C00283478 /* UITextField+Holder.swift */ = {isa = PBXFileReference; lastKnownFileType = sourcecode.swift; path = "UITextField+Holder.swift"; sourceTree = "<group>"; };
		AEC191FA21E435E900283478 /* Launch.storyboard */ = {isa = PBXFileReference; lastKnownFileType = file.storyboard; path = Launch.storyboard; sourceTree = "<group>"; };
		AED3FF5021DA8BE700D7C042 /* SettingsViewController.swift */ = {isa = PBXFileReference; lastKnownFileType = sourcecode.swift; path = SettingsViewController.swift; sourceTree = "<group>"; };
		AED3FF5221DA9A2D00D7C042 /* Authentication+Process.swift */ = {isa = PBXFileReference; lastKnownFileType = sourcecode.swift; path = "Authentication+Process.swift"; sourceTree = "<group>"; };
		AED3FF5921DA9F7E00D7C042 /* PasswordCell.swift */ = {isa = PBXFileReference; lastKnownFileType = sourcecode.swift; path = PasswordCell.swift; sourceTree = "<group>"; };
		AED9F4062211EB0600BB31EB /* OpenPass Communication.appex */ = {isa = PBXFileReference; explicitFileType = "wrapper.app-extension"; includeInIndex = 0; path = "OpenPass Communication.appex"; sourceTree = BUILT_PRODUCTS_DIR; };
		AED9F4082211EB0700BB31EB /* Messages.framework */ = {isa = PBXFileReference; lastKnownFileType = wrapper.framework; name = Messages.framework; path = System/Library/Frameworks/Messages.framework; sourceTree = SDKROOT; };
		AED9F40B2211EB0700BB31EB /* MessagesViewController.swift */ = {isa = PBXFileReference; lastKnownFileType = sourcecode.swift; path = MessagesViewController.swift; sourceTree = "<group>"; };
		AED9F40E2211EB0700BB31EB /* Base */ = {isa = PBXFileReference; lastKnownFileType = file.storyboard; name = Base; path = Base.lproj/MainInterface.storyboard; sourceTree = "<group>"; };
		AED9F4102211EB0700BB31EB /* Assets.xcassets */ = {isa = PBXFileReference; lastKnownFileType = folder.assetcatalog; path = Assets.xcassets; sourceTree = "<group>"; };
		AED9F4122211EB0700BB31EB /* Info.plist */ = {isa = PBXFileReference; lastKnownFileType = text.plist.xml; path = Info.plist; sourceTree = "<group>"; };
		AED9F4222211EFE800BB31EB /* MVC+CollectionViewController.swift */ = {isa = PBXFileReference; lastKnownFileType = sourcecode.swift; path = "MVC+CollectionViewController.swift"; sourceTree = "<group>"; };
		AED9F4242211F08C00BB31EB /* PasswordCollectionViewCell.swift */ = {isa = PBXFileReference; lastKnownFileType = sourcecode.swift; path = PasswordCollectionViewCell.swift; sourceTree = "<group>"; };
		AED9F4262211F12E00BB31EB /* OpenPass Communication.entitlements */ = {isa = PBXFileReference; lastKnownFileType = text.plist.entitlements; path = "OpenPass Communication.entitlements"; sourceTree = "<group>"; };
		AEFB54DE21ECD1C500B593CC /* LimitedTextField.swift */ = {isa = PBXFileReference; lastKnownFileType = sourcecode.swift; path = LimitedTextField.swift; sourceTree = "<group>"; };
		AEFB54E121ECE26100B593CC /* Notification+Names.swift */ = {isa = PBXFileReference; lastKnownFileType = sourcecode.swift; path = "Notification+Names.swift"; sourceTree = "<group>"; };
		AEFB54E421ECE2DF00B593CC /* RootNavController.swift */ = {isa = PBXFileReference; lastKnownFileType = sourcecode.swift; path = RootNavController.swift; sourceTree = "<group>"; };
/* End PBXFileReference section */

/* Begin PBXFrameworksBuildPhase section */
		AE58FEEB21D9B88A00C094F1 /* Frameworks */ = {
			isa = PBXFrameworksBuildPhase;
			buildActionMask = 2147483647;
			files = (
			);
			runOnlyForDeploymentPostprocessing = 0;
		};
		AE58FF0221D9B88D00C094F1 /* Frameworks */ = {
			isa = PBXFrameworksBuildPhase;
			buildActionMask = 2147483647;
			files = (
			);
			runOnlyForDeploymentPostprocessing = 0;
		};
		AE58FF0D21D9B88D00C094F1 /* Frameworks */ = {
			isa = PBXFrameworksBuildPhase;
			buildActionMask = 2147483647;
			files = (
			);
			runOnlyForDeploymentPostprocessing = 0;
		};
		AED9F4032211EB0600BB31EB /* Frameworks */ = {
			isa = PBXFrameworksBuildPhase;
			buildActionMask = 2147483647;
			files = (
				AED9F4092211EB0700BB31EB /* Messages.framework in Frameworks */,
			);
			runOnlyForDeploymentPostprocessing = 0;
		};
/* End PBXFrameworksBuildPhase section */

/* Begin PBXGroup section */
		AE02CBFB21EC0F9700806937 /* Classes and Structs */ = {
			isa = PBXGroup;
			children = (
				AE02CBFC21EC0FA800806937 /* UserSettings.swift */,
			);
			path = "Classes and Structs";
			sourceTree = "<group>";
		};
		AE58FEE521D9B88900C094F1 = {
			isa = PBXGroup;
			children = (
				AE81464521DBF16300F06C96 /* Encryption and Decryption */,
				AE58FF2321D9BA0900C094F1 /* Data Management */,
				AE58FEF021D9B88A00C094F1 /* OpenPass */,
				AE58FF0821D9B88D00C094F1 /* OpenPassTests */,
				AE58FF1321D9B88D00C094F1 /* OpenPassUITests */,
				AED9F40A2211EB0700BB31EB /* OpenPass Communication */,
				AED9F4072211EB0700BB31EB /* Frameworks */,
				AE58FEEF21D9B88A00C094F1 /* Products */,
			);
			sourceTree = "<group>";
		};
		AE58FEEF21D9B88A00C094F1 /* Products */ = {
			isa = PBXGroup;
			children = (
				AE58FEEE21D9B88A00C094F1 /* OpenPass.app */,
				AE58FF0521D9B88D00C094F1 /* OpenPassTests.xctest */,
				AE58FF1021D9B88D00C094F1 /* OpenPassUITests.xctest */,
				AED9F4062211EB0600BB31EB /* OpenPass Communication.appex */,
			);
			name = Products;
			sourceTree = "<group>";
		};
		AE58FEF021D9B88A00C094F1 /* OpenPass */ = {
			isa = PBXGroup;
			children = (
				AEFB54E021ECE24F00B593CC /* Extensions */,
				AE02CBFB21EC0F9700806937 /* Classes and Structs */,
				AEC191F321E42DA400283478 /* Text Holder */,
				AE81464D21DC0CB700F06C96 /* OpenPass.entitlements */,
				AE58FEF121D9B88A00C094F1 /* AppDelegate.swift */,
				AE58FF2221D9B9FF00C094F1 /* View Controllers */,
				AE58FEF521D9B88A00C094F1 /* Main.storyboard */,
				AE58FEFB21D9B88D00C094F1 /* Assets.xcassets */,
				AE58FF0021D9B88D00C094F1 /* Info.plist */,
				AE58FEF821D9B88A00C094F1 /* OpenPass.xcdatamodeld */,
				AEC191FA21E435E900283478 /* Launch.storyboard */,
			);
			path = OpenPass;
			sourceTree = "<group>";
		};
		AE58FF0821D9B88D00C094F1 /* OpenPassTests */ = {
			isa = PBXGroup;
			children = (
				AE58FF0921D9B88D00C094F1 /* OpenPassTests.swift */,
				AE58FF0B21D9B88D00C094F1 /* Info.plist */,
			);
			path = OpenPassTests;
			sourceTree = "<group>";
		};
		AE58FF1321D9B88D00C094F1 /* OpenPassUITests */ = {
			isa = PBXGroup;
			children = (
				AE58FF1421D9B88D00C094F1 /* OpenPassUITests.swift */,
				AE58FF1621D9B88D00C094F1 /* Info.plist */,
			);
			path = OpenPassUITests;
			sourceTree = "<group>";
		};
		AE58FF2221D9B9FF00C094F1 /* View Controllers */ = {
			isa = PBXGroup;
			children = (
				AEFB54E321ECE2C400B593CC /* Root */,
				AED3FF5821DA9F4100D7C042 /* Passwords */,
				AED3FF4F21DA8BCE00D7C042 /* Settings */,
				AED3FF4B21DA839A00D7C042 /* Authentication */,
				AE586EA121D9D7330066BC0E /* AccountViewController.swift */,
			);
			path = "View Controllers";
			sourceTree = "<group>";
		};
		AE58FF2321D9BA0900C094F1 /* Data Management */ = {
			isa = PBXGroup;
			children = (
				AE3E7312221236EA000313B2 /* PersistentContainer.swift */,
				AE02CC0121EC210900806937 /* Account+CoreDataClass.swift */,
				AE02CC0221EC210900806937 /* Account+CoreDataProperties.swift */,
				AE7843B721DBDD6D00B45FFF /* Encryption */,
				AE7843A321DAD4E000B45FFF /* Core Data Helper */,
			);
			path = "Data Management";
			sourceTree = "<group>";
		};
		AE7843A321DAD4E000B45FFF /* Core Data Helper */ = {
			isa = PBXGroup;
			children = (
				AE2DA2102213979F00329D48 /* CDHelper.swift */,
			);
			path = "Core Data Helper";
			sourceTree = "<group>";
		};
		AE7843B721DBDD6D00B45FFF /* Encryption */ = {
			isa = PBXGroup;
			children = (
				AE7843B821DBDD8F00B45FFF /* DataDecoder.swift */,
				AE7843BA21DBDED200B45FFF /* DataEncoder.swift */,
			);
			path = Encryption;
			sourceTree = "<group>";
		};
		AE81464521DBF16300F06C96 /* Encryption and Decryption */ = {
			isa = PBXGroup;
			children = (
				AE81464B21DBF33700F06C96 /* Data+Encryption.swift */,
				AE81464621DBF16C00F06C96 /* Keys */,
			);
			path = "Encryption and Decryption";
			sourceTree = "<group>";
		};
		AE81464621DBF16C00F06C96 /* Keys */ = {
			isa = PBXGroup;
			children = (
				AE81464721DBF17A00F06C96 /* KeychainHelper.swift */,
				AE81464921DBF1EF00F06C96 /* KeyHelper.swift */,
			);
			path = Keys;
			sourceTree = "<group>";
		};
		AEC191F321E42DA400283478 /* Text Holder */ = {
			isa = PBXGroup;
			children = (
				AEC191F421E42DB900283478 /* TextHolder.swift */,
				AEC191F821E42E3C00283478 /* UITextField+Holder.swift */,
				AEC191F621E42DDE00283478 /* UITextView+Holder.swift */,
			);
			path = "Text Holder";
			sourceTree = "<group>";
		};
		AED3FF4B21DA839A00D7C042 /* Authentication */ = {
			isa = PBXGroup;
			children = (
				AE586E9D21D9D2260066BC0E /* AuthenticationViewController.swift */,
				AED3FF5221DA9A2D00D7C042 /* Authentication+Process.swift */,
			);
			path = Authentication;
			sourceTree = "<group>";
		};
		AED3FF4F21DA8BCE00D7C042 /* Settings */ = {
			isa = PBXGroup;
			children = (
				AED3FF5021DA8BE700D7C042 /* SettingsViewController.swift */,
				AEFB54DE21ECD1C500B593CC /* LimitedTextField.swift */,
			);
			path = Settings;
			sourceTree = "<group>";
		};
		AED3FF5821DA9F4100D7C042 /* Passwords */ = {
			isa = PBXGroup;
			children = (
				AE586E9F21D9D2590066BC0E /* PasswordsViewController.swift */,
				AE8DC20521EA64DD00E68B64 /* Passwords+Searching.swift */,
				AED3FF5921DA9F7E00D7C042 /* PasswordCell.swift */,
			);
			path = Passwords;
			sourceTree = "<group>";
		};
		AED9F4072211EB0700BB31EB /* Frameworks */ = {
			isa = PBXGroup;
			children = (
				AED9F4082211EB0700BB31EB /* Messages.framework */,
			);
			name = Frameworks;
			sourceTree = "<group>";
		};
		AED9F40A2211EB0700BB31EB /* OpenPass Communication */ = {
			isa = PBXGroup;
			children = (
				AED9F4262211F12E00BB31EB /* OpenPass Communication.entitlements */,
				AED9F4212211EFD500BB31EB /* MessagesViewController */,
				AED9F40D2211EB0700BB31EB /* MainInterface.storyboard */,
				AED9F4102211EB0700BB31EB /* Assets.xcassets */,
				AED9F4122211EB0700BB31EB /* Info.plist */,
			);
			path = "OpenPass Communication";
			sourceTree = "<group>";
		};
		AED9F4212211EFD500BB31EB /* MessagesViewController */ = {
			isa = PBXGroup;
			children = (
				AED9F40B2211EB0700BB31EB /* MessagesViewController.swift */,
				AED9F4222211EFE800BB31EB /* MVC+CollectionViewController.swift */,
				AED9F4242211F08C00BB31EB /* PasswordCollectionViewCell.swift */,
			);
			path = MessagesViewController;
			sourceTree = "<group>";
		};
		AEFB54E021ECE24F00B593CC /* Extensions */ = {
			isa = PBXGroup;
			children = (
				AEFB54E121ECE26100B593CC /* Notification+Names.swift */,
				AE70064F2207C37900E404C5 /* UIColor+Themes.swift */,
			);
			path = Extensions;
			sourceTree = "<group>";
		};
		AEFB54E321ECE2C400B593CC /* Root */ = {
			isa = PBXGroup;
			children = (
				AEFB54E421ECE2DF00B593CC /* RootNavController.swift */,
			);
			path = Root;
			sourceTree = "<group>";
		};
/* End PBXGroup section */

/* Begin PBXNativeTarget section */
		AE58FEED21D9B88A00C094F1 /* OpenPass */ = {
			isa = PBXNativeTarget;
			buildConfigurationList = AE58FF1921D9B88D00C094F1 /* Build configuration list for PBXNativeTarget "OpenPass" */;
			buildPhases = (
				AE58FEEA21D9B88A00C094F1 /* Sources */,
				AE58FEEB21D9B88A00C094F1 /* Frameworks */,
				AE58FEEC21D9B88A00C094F1 /* Resources */,
				AED9F4192211EB0700BB31EB /* Embed App Extensions */,
			);
			buildRules = (
			);
			dependencies = (
				AED9F4142211EB0700BB31EB /* PBXTargetDependency */,
			);
			name = OpenPass;
			productName = OpenPass;
			productReference = AE58FEEE21D9B88A00C094F1 /* OpenPass.app */;
			productType = "com.apple.product-type.application";
		};
		AE58FF0421D9B88D00C094F1 /* OpenPassTests */ = {
			isa = PBXNativeTarget;
			buildConfigurationList = AE58FF1C21D9B88D00C094F1 /* Build configuration list for PBXNativeTarget "OpenPassTests" */;
			buildPhases = (
				1A6D1DEA6C3184C5D8694C08 /* [CP] Check Pods Manifest.lock */,
				AE58FF0121D9B88D00C094F1 /* Sources */,
				AE58FF0221D9B88D00C094F1 /* Frameworks */,
				AE58FF0321D9B88D00C094F1 /* Resources */,
			);
			buildRules = (
			);
			dependencies = (
				AE58FF0721D9B88D00C094F1 /* PBXTargetDependency */,
			);
			name = OpenPassTests;
			productName = OpenPassTests;
			productReference = AE58FF0521D9B88D00C094F1 /* OpenPassTests.xctest */;
			productType = "com.apple.product-type.bundle.unit-test";
		};
		AE58FF0F21D9B88D00C094F1 /* OpenPassUITests */ = {
			isa = PBXNativeTarget;
			buildConfigurationList = AE58FF1F21D9B88D00C094F1 /* Build configuration list for PBXNativeTarget "OpenPassUITests" */;
			buildPhases = (
				A3A0BB6F29A04FC111E544F1 /* [CP] Check Pods Manifest.lock */,
				AE58FF0C21D9B88D00C094F1 /* Sources */,
				AE58FF0D21D9B88D00C094F1 /* Frameworks */,
				AE58FF0E21D9B88D00C094F1 /* Resources */,
			);
			buildRules = (
			);
			dependencies = (
				AE58FF1221D9B88D00C094F1 /* PBXTargetDependency */,
			);
			name = OpenPassUITests;
			productName = OpenPassUITests;
			productReference = AE58FF1021D9B88D00C094F1 /* OpenPassUITests.xctest */;
			productType = "com.apple.product-type.bundle.ui-testing";
		};
		AED9F4052211EB0600BB31EB /* OpenPass Communication */ = {
			isa = PBXNativeTarget;
			buildConfigurationList = AED9F4182211EB0700BB31EB /* Build configuration list for PBXNativeTarget "OpenPass Communication" */;
			buildPhases = (
				AED9F4022211EB0600BB31EB /* Sources */,
				AED9F4032211EB0600BB31EB /* Frameworks */,
				AED9F4042211EB0600BB31EB /* Resources */,
			);
			buildRules = (
			);
			dependencies = (
			);
			name = "OpenPass Communication";
			productName = "OpenPass Communication";
			productReference = AED9F4062211EB0600BB31EB /* OpenPass Communication.appex */;
			productType = "com.apple.product-type.app-extension.messages";
		};
/* End PBXNativeTarget section */

/* Begin PBXProject section */
		AE58FEE621D9B88900C094F1 /* Project object */ = {
			isa = PBXProject;
			attributes = {
				LastSwiftUpdateCheck = 1010;
				LastUpgradeCheck = 1010;
				ORGANIZATIONNAME = "Sylvan Martin";
				TargetAttributes = {
					AE58FEED21D9B88A00C094F1 = {
						CreatedOnToolsVersion = 10.1;
						SystemCapabilities = {
							com.apple.ApplicationGroups.iOS = {
								enabled = 1;
							};
							com.apple.DataProtection = {
								enabled = 1;
							};
							com.apple.Keychain = {
								enabled = 1;
							};
						};
					};
					AE58FF0421D9B88D00C094F1 = {
						CreatedOnToolsVersion = 10.1;
						TestTargetID = AE58FEED21D9B88A00C094F1;
					};
					AE58FF0F21D9B88D00C094F1 = {
						CreatedOnToolsVersion = 10.1;
						TestTargetID = AE58FEED21D9B88A00C094F1;
					};
					AED9F4052211EB0600BB31EB = {
						CreatedOnToolsVersion = 10.1;
						SystemCapabilities = {
							com.apple.ApplicationGroups.iOS = {
								enabled = 1;
							};
							com.apple.DataProtection = {
								enabled = 1;
							};
							com.apple.Keychain = {
								enabled = 1;
							};
						};
					};
				};
			};
			buildConfigurationList = AE58FEE921D9B88900C094F1 /* Build configuration list for PBXProject "OpenPass" */;
			compatibilityVersion = "Xcode 10.0";
			developmentRegion = en;
			hasScannedForEncodings = 0;
			knownRegions = (
				en,
				Base,
			);
			mainGroup = AE58FEE521D9B88900C094F1;
			productRefGroup = AE58FEEF21D9B88A00C094F1 /* Products */;
			projectDirPath = "";
			projectRoot = "";
			targets = (
				AE58FEED21D9B88A00C094F1 /* OpenPass */,
				AED9F4052211EB0600BB31EB /* OpenPass Communication */,
				AE58FF0421D9B88D00C094F1 /* OpenPassTests */,
				AE58FF0F21D9B88D00C094F1 /* OpenPassUITests */,
			);
		};
/* End PBXProject section */

/* Begin PBXResourcesBuildPhase section */
		AE58FEEC21D9B88A00C094F1 /* Resources */ = {
			isa = PBXResourcesBuildPhase;
			buildActionMask = 2147483647;
			files = (
				AE58FEFC21D9B88D00C094F1 /* Assets.xcassets in Resources */,
				AE58FEF721D9B88A00C094F1 /* Main.storyboard in Resources */,
				AEC191FB21E435E900283478 /* Launch.storyboard in Resources */,
			);
			runOnlyForDeploymentPostprocessing = 0;
		};
		AE58FF0321D9B88D00C094F1 /* Resources */ = {
			isa = PBXResourcesBuildPhase;
			buildActionMask = 2147483647;
			files = (
			);
			runOnlyForDeploymentPostprocessing = 0;
		};
		AE58FF0E21D9B88D00C094F1 /* Resources */ = {
			isa = PBXResourcesBuildPhase;
			buildActionMask = 2147483647;
			files = (
			);
			runOnlyForDeploymentPostprocessing = 0;
		};
		AED9F4042211EB0600BB31EB /* Resources */ = {
			isa = PBXResourcesBuildPhase;
			buildActionMask = 2147483647;
			files = (
				AED9F4112211EB0700BB31EB /* Assets.xcassets in Resources */,
				AED9F40F2211EB0700BB31EB /* MainInterface.storyboard in Resources */,
			);
			runOnlyForDeploymentPostprocessing = 0;
		};
/* End PBXResourcesBuildPhase section */

/* Begin PBXShellScriptBuildPhase section */
		1A6D1DEA6C3184C5D8694C08 /* [CP] Check Pods Manifest.lock */ = {
			isa = PBXShellScriptBuildPhase;
			buildActionMask = 2147483647;
			files = (
			);
			inputFileListPaths = (
			);
			inputPaths = (
				"${PODS_PODFILE_DIR_PATH}/Podfile.lock",
				"${PODS_ROOT}/Manifest.lock",
			);
			name = "[CP] Check Pods Manifest.lock";
			outputFileListPaths = (
			);
			outputPaths = (
				"$(DERIVED_FILE_DIR)/Pods-OpenPassTests-checkManifestLockResult.txt",
			);
			runOnlyForDeploymentPostprocessing = 0;
			shellPath = /bin/sh;
			shellScript = "diff \"${PODS_PODFILE_DIR_PATH}/Podfile.lock\" \"${PODS_ROOT}/Manifest.lock\" > /dev/null\nif [ $? != 0 ] ; then\n    # print error to STDERR\n    echo \"error: The sandbox is not in sync with the Podfile.lock. Run 'pod install' or update your CocoaPods installation.\" >&2\n    exit 1\nfi\n# This output is used by Xcode 'outputs' to avoid re-running this script phase.\necho \"SUCCESS\" > \"${SCRIPT_OUTPUT_FILE_0}\"\n";
			showEnvVarsInLog = 0;
		};
		A3A0BB6F29A04FC111E544F1 /* [CP] Check Pods Manifest.lock */ = {
			isa = PBXShellScriptBuildPhase;
			buildActionMask = 2147483647;
			files = (
			);
			inputFileListPaths = (
			);
			inputPaths = (
				"${PODS_PODFILE_DIR_PATH}/Podfile.lock",
				"${PODS_ROOT}/Manifest.lock",
			);
			name = "[CP] Check Pods Manifest.lock";
			outputFileListPaths = (
			);
			outputPaths = (
				"$(DERIVED_FILE_DIR)/Pods-OpenPassUITests-checkManifestLockResult.txt",
			);
			runOnlyForDeploymentPostprocessing = 0;
			shellPath = /bin/sh;
			shellScript = "diff \"${PODS_PODFILE_DIR_PATH}/Podfile.lock\" \"${PODS_ROOT}/Manifest.lock\" > /dev/null\nif [ $? != 0 ] ; then\n    # print error to STDERR\n    echo \"error: The sandbox is not in sync with the Podfile.lock. Run 'pod install' or update your CocoaPods installation.\" >&2\n    exit 1\nfi\n# This output is used by Xcode 'outputs' to avoid re-running this script phase.\necho \"SUCCESS\" > \"${SCRIPT_OUTPUT_FILE_0}\"\n";
			showEnvVarsInLog = 0;
		};
/* End PBXShellScriptBuildPhase section */

/* Begin PBXSourcesBuildPhase section */
		AE58FEEA21D9B88A00C094F1 /* Sources */ = {
			isa = PBXSourcesBuildPhase;
			buildActionMask = 2147483647;
			files = (
				AE02CC0421EC210900806937 /* Account+CoreDataProperties.swift in Sources */,
				AE81464C21DBF33700F06C96 /* Data+Encryption.swift in Sources */,
				AE8DC20621EA64DD00E68B64 /* Passwords+Searching.swift in Sources */,
				AEFB54E221ECE26100B593CC /* Notification+Names.swift in Sources */,
				AE58FEF221D9B88A00C094F1 /* AppDelegate.swift in Sources */,
				AE02CBFD21EC0FA800806937 /* UserSettings.swift in Sources */,
				AE3E7313221236EA000313B2 /* PersistentContainer.swift in Sources */,
				AE586EA221D9D7330066BC0E /* AccountViewController.swift in Sources */,
				AE7006502207C37900E404C5 /* UIColor+Themes.swift in Sources */,
				AEFB54E521ECE2DF00B593CC /* RootNavController.swift in Sources */,
				AEFB54DF21ECD1C500B593CC /* LimitedTextField.swift in Sources */,
				AED3FF5121DA8BE700D7C042 /* SettingsViewController.swift in Sources */,
				AE58FEFA21D9B88A00C094F1 /* OpenPass.xcdatamodeld in Sources */,
				AEC191F921E42E3C00283478 /* UITextField+Holder.swift in Sources */,
				AEC191F521E42DB900283478 /* TextHolder.swift in Sources */,
				AED3FF5A21DA9F7E00D7C042 /* PasswordCell.swift in Sources */,
				AEC191F721E42DDE00283478 /* UITextView+Holder.swift in Sources */,
				AE02CC0321EC210900806937 /* Account+CoreDataClass.swift in Sources */,
				AE2DA2112213979F00329D48 /* CDHelper.swift in Sources */,
				AE7843B921DBDD8F00B45FFF /* DataDecoder.swift in Sources */,
				AE586EA021D9D2590066BC0E /* PasswordsViewController.swift in Sources */,
				AED3FF5321DA9A2D00D7C042 /* Authentication+Process.swift in Sources */,
				AE81464A21DBF1EF00F06C96 /* KeyHelper.swift in Sources */,
				AE81464821DBF17A00F06C96 /* KeychainHelper.swift in Sources */,
				AE7843BB21DBDED200B45FFF /* DataEncoder.swift in Sources */,
				AE586E9E21D9D2260066BC0E /* AuthenticationViewController.swift in Sources */,
			);
			runOnlyForDeploymentPostprocessing = 0;
		};
		AE58FF0121D9B88D00C094F1 /* Sources */ = {
			isa = PBXSourcesBuildPhase;
			buildActionMask = 2147483647;
			files = (
				AE58FF0A21D9B88D00C094F1 /* OpenPassTests.swift in Sources */,
			);
			runOnlyForDeploymentPostprocessing = 0;
		};
		AE58FF0C21D9B88D00C094F1 /* Sources */ = {
			isa = PBXSourcesBuildPhase;
			buildActionMask = 2147483647;
			files = (
				AE58FF1521D9B88D00C094F1 /* OpenPassUITests.swift in Sources */,
			);
			runOnlyForDeploymentPostprocessing = 0;
		};
		AED9F4022211EB0600BB31EB /* Sources */ = {
			isa = PBXSourcesBuildPhase;
			buildActionMask = 2147483647;
			files = (
				AED9F43E2211F52C00BB31EB /* Account+CoreDataProperties.swift in Sources */,
				AED9F43F2211F53200BB31EB /* DataDecoder.swift in Sources */,
				AE3E731422124081000313B2 /* PersistentContainer.swift in Sources */,
				AED9F43D2211F52100BB31EB /* Account+CoreDataClass.swift in Sources */,
				AED9F40C2211EB0700BB31EB /* MessagesViewController.swift in Sources */,
				AED9F4232211EFE800BB31EB /* MVC+CollectionViewController.swift in Sources */,
				AED9F4432211F55200BB31EB /* KeychainHelper.swift in Sources */,
				AED9F4272211F21200BB31EB /* OpenPass.xcdatamodeld in Sources */,
				AED9F4422211F54E00BB31EB /* Data+Encryption.swift in Sources */,
				AED9F4402211F53200BB31EB /* DataEncoder.swift in Sources */,
				AE2DA212221397A700329D48 /* CDHelper.swift in Sources */,
				AED9F4252211F08C00BB31EB /* PasswordCollectionViewCell.swift in Sources */,
				AED9F4462211F57600BB31EB /* UserSettings.swift in Sources */,
				AED9F4442211F55200BB31EB /* KeyHelper.swift in Sources */,
			);
			runOnlyForDeploymentPostprocessing = 0;
		};
/* End PBXSourcesBuildPhase section */

/* Begin PBXTargetDependency section */
		AE58FF0721D9B88D00C094F1 /* PBXTargetDependency */ = {
			isa = PBXTargetDependency;
			target = AE58FEED21D9B88A00C094F1 /* OpenPass */;
			targetProxy = AE58FF0621D9B88D00C094F1 /* PBXContainerItemProxy */;
		};
		AE58FF1221D9B88D00C094F1 /* PBXTargetDependency */ = {
			isa = PBXTargetDependency;
			target = AE58FEED21D9B88A00C094F1 /* OpenPass */;
			targetProxy = AE58FF1121D9B88D00C094F1 /* PBXContainerItemProxy */;
		};
		AED9F4142211EB0700BB31EB /* PBXTargetDependency */ = {
			isa = PBXTargetDependency;
			target = AED9F4052211EB0600BB31EB /* OpenPass Communication */;
			targetProxy = AED9F4132211EB0700BB31EB /* PBXContainerItemProxy */;
		};
/* End PBXTargetDependency section */

/* Begin PBXVariantGroup section */
		AE58FEF521D9B88A00C094F1 /* Main.storyboard */ = {
			isa = PBXVariantGroup;
			children = (
				AE58FEF621D9B88A00C094F1 /* Base */,
			);
			name = Main.storyboard;
			sourceTree = "<group>";
		};
		AED9F40D2211EB0700BB31EB /* MainInterface.storyboard */ = {
			isa = PBXVariantGroup;
			children = (
				AED9F40E2211EB0700BB31EB /* Base */,
			);
			name = MainInterface.storyboard;
			sourceTree = "<group>";
		};
/* End PBXVariantGroup section */

/* Begin XCBuildConfiguration section */
		AE58FF1721D9B88D00C094F1 /* Debug */ = {
			isa = XCBuildConfiguration;
			buildSettings = {
				ALWAYS_SEARCH_USER_PATHS = NO;
				CLANG_ANALYZER_NONNULL = YES;
				CLANG_ANALYZER_NUMBER_OBJECT_CONVERSION = YES_AGGRESSIVE;
				CLANG_CXX_LANGUAGE_STANDARD = "gnu++14";
				CLANG_CXX_LIBRARY = "libc++";
				CLANG_ENABLE_MODULES = YES;
				CLANG_ENABLE_OBJC_ARC = YES;
				CLANG_ENABLE_OBJC_WEAK = YES;
				CLANG_WARN_BLOCK_CAPTURE_AUTORELEASING = YES;
				CLANG_WARN_BOOL_CONVERSION = YES;
				CLANG_WARN_COMMA = YES;
				CLANG_WARN_CONSTANT_CONVERSION = YES;
				CLANG_WARN_DEPRECATED_OBJC_IMPLEMENTATIONS = YES;
				CLANG_WARN_DIRECT_OBJC_ISA_USAGE = YES_ERROR;
				CLANG_WARN_DOCUMENTATION_COMMENTS = YES;
				CLANG_WARN_EMPTY_BODY = YES;
				CLANG_WARN_ENUM_CONVERSION = YES;
				CLANG_WARN_INFINITE_RECURSION = YES;
				CLANG_WARN_INT_CONVERSION = YES;
				CLANG_WARN_NON_LITERAL_NULL_CONVERSION = YES;
				CLANG_WARN_OBJC_IMPLICIT_RETAIN_SELF = YES;
				CLANG_WARN_OBJC_LITERAL_CONVERSION = YES;
				CLANG_WARN_OBJC_ROOT_CLASS = YES_ERROR;
				CLANG_WARN_RANGE_LOOP_ANALYSIS = YES;
				CLANG_WARN_STRICT_PROTOTYPES = YES;
				CLANG_WARN_SUSPICIOUS_MOVE = YES;
				CLANG_WARN_UNGUARDED_AVAILABILITY = YES_AGGRESSIVE;
				CLANG_WARN_UNREACHABLE_CODE = YES;
				CLANG_WARN__DUPLICATE_METHOD_MATCH = YES;
				CODE_SIGN_IDENTITY = "iPhone Developer";
				COPY_PHASE_STRIP = NO;
				DEBUG_INFORMATION_FORMAT = dwarf;
				ENABLE_STRICT_OBJC_MSGSEND = YES;
				ENABLE_TESTABILITY = YES;
				GCC_C_LANGUAGE_STANDARD = gnu11;
				GCC_DYNAMIC_NO_PIC = NO;
				GCC_NO_COMMON_BLOCKS = YES;
				GCC_OPTIMIZATION_LEVEL = 0;
				GCC_PREPROCESSOR_DEFINITIONS = (
					"DEBUG=1",
					"$(inherited)",
				);
				GCC_WARN_64_TO_32_BIT_CONVERSION = YES;
				GCC_WARN_ABOUT_RETURN_TYPE = YES_ERROR;
				GCC_WARN_UNDECLARED_SELECTOR = YES;
				GCC_WARN_UNINITIALIZED_AUTOS = YES_AGGRESSIVE;
				GCC_WARN_UNUSED_FUNCTION = YES;
				GCC_WARN_UNUSED_VARIABLE = YES;
				IPHONEOS_DEPLOYMENT_TARGET = 12.1;
				MTL_ENABLE_DEBUG_INFO = INCLUDE_SOURCE;
				MTL_FAST_MATH = YES;
				ONLY_ACTIVE_ARCH = YES;
				SDKROOT = iphoneos;
				SWIFT_ACTIVE_COMPILATION_CONDITIONS = DEBUG;
				SWIFT_OPTIMIZATION_LEVEL = "-Onone";
			};
			name = Debug;
		};
		AE58FF1821D9B88D00C094F1 /* Release */ = {
			isa = XCBuildConfiguration;
			buildSettings = {
				ALWAYS_SEARCH_USER_PATHS = NO;
				CLANG_ANALYZER_NONNULL = YES;
				CLANG_ANALYZER_NUMBER_OBJECT_CONVERSION = YES_AGGRESSIVE;
				CLANG_CXX_LANGUAGE_STANDARD = "gnu++14";
				CLANG_CXX_LIBRARY = "libc++";
				CLANG_ENABLE_MODULES = YES;
				CLANG_ENABLE_OBJC_ARC = YES;
				CLANG_ENABLE_OBJC_WEAK = YES;
				CLANG_WARN_BLOCK_CAPTURE_AUTORELEASING = YES;
				CLANG_WARN_BOOL_CONVERSION = YES;
				CLANG_WARN_COMMA = YES;
				CLANG_WARN_CONSTANT_CONVERSION = YES;
				CLANG_WARN_DEPRECATED_OBJC_IMPLEMENTATIONS = YES;
				CLANG_WARN_DIRECT_OBJC_ISA_USAGE = YES_ERROR;
				CLANG_WARN_DOCUMENTATION_COMMENTS = YES;
				CLANG_WARN_EMPTY_BODY = YES;
				CLANG_WARN_ENUM_CONVERSION = YES;
				CLANG_WARN_INFINITE_RECURSION = YES;
				CLANG_WARN_INT_CONVERSION = YES;
				CLANG_WARN_NON_LITERAL_NULL_CONVERSION = YES;
				CLANG_WARN_OBJC_IMPLICIT_RETAIN_SELF = YES;
				CLANG_WARN_OBJC_LITERAL_CONVERSION = YES;
				CLANG_WARN_OBJC_ROOT_CLASS = YES_ERROR;
				CLANG_WARN_RANGE_LOOP_ANALYSIS = YES;
				CLANG_WARN_STRICT_PROTOTYPES = YES;
				CLANG_WARN_SUSPICIOUS_MOVE = YES;
				CLANG_WARN_UNGUARDED_AVAILABILITY = YES_AGGRESSIVE;
				CLANG_WARN_UNREACHABLE_CODE = YES;
				CLANG_WARN__DUPLICATE_METHOD_MATCH = YES;
				CODE_SIGN_IDENTITY = "iPhone Developer";
				COPY_PHASE_STRIP = NO;
				DEBUG_INFORMATION_FORMAT = "dwarf-with-dsym";
				ENABLE_NS_ASSERTIONS = NO;
				ENABLE_STRICT_OBJC_MSGSEND = YES;
				GCC_C_LANGUAGE_STANDARD = gnu11;
				GCC_NO_COMMON_BLOCKS = YES;
				GCC_WARN_64_TO_32_BIT_CONVERSION = YES;
				GCC_WARN_ABOUT_RETURN_TYPE = YES_ERROR;
				GCC_WARN_UNDECLARED_SELECTOR = YES;
				GCC_WARN_UNINITIALIZED_AUTOS = YES_AGGRESSIVE;
				GCC_WARN_UNUSED_FUNCTION = YES;
				GCC_WARN_UNUSED_VARIABLE = YES;
				IPHONEOS_DEPLOYMENT_TARGET = 12.1;
				MTL_ENABLE_DEBUG_INFO = NO;
				MTL_FAST_MATH = YES;
				SDKROOT = iphoneos;
				SWIFT_COMPILATION_MODE = wholemodule;
				SWIFT_OPTIMIZATION_LEVEL = "-O";
				VALIDATE_PRODUCT = YES;
			};
			name = Release;
		};
		AE58FF1A21D9B88D00C094F1 /* Debug */ = {
			isa = XCBuildConfiguration;
			buildSettings = {
				ALWAYS_EMBED_SWIFT_STANDARD_LIBRARIES = YES;
				ASSETCATALOG_COMPILER_APPICON_NAME = AppIcon;
				CODE_SIGN_ENTITLEMENTS = OpenPass/OpenPass.entitlements;
				CODE_SIGN_STYLE = Automatic;
				DEVELOPMENT_TEAM = JDSTZ7K2MV;
				INFOPLIST_FILE = OpenPass/Info.plist;
				IPHONEOS_DEPLOYMENT_TARGET = 12.0;
				LD_RUNPATH_SEARCH_PATHS = (
					"$(inherited)",
					"@executable_path/Frameworks",
				);
				PRODUCT_BUNDLE_IDENTIFIER = martin.OpenPass;
				PRODUCT_NAME = "$(TARGET_NAME)";
				SWIFT_VERSION = 4.2;
				TARGETED_DEVICE_FAMILY = "1,2";
			};
			name = Debug;
		};
		AE58FF1B21D9B88D00C094F1 /* Release */ = {
			isa = XCBuildConfiguration;
			buildSettings = {
				ALWAYS_EMBED_SWIFT_STANDARD_LIBRARIES = YES;
				ASSETCATALOG_COMPILER_APPICON_NAME = AppIcon;
				CODE_SIGN_ENTITLEMENTS = OpenPass/OpenPass.entitlements;
				CODE_SIGN_STYLE = Automatic;
				DEVELOPMENT_TEAM = JDSTZ7K2MV;
				INFOPLIST_FILE = OpenPass/Info.plist;
				IPHONEOS_DEPLOYMENT_TARGET = 12.0;
				LD_RUNPATH_SEARCH_PATHS = (
					"$(inherited)",
					"@executable_path/Frameworks",
				);
				PRODUCT_BUNDLE_IDENTIFIER = martin.OpenPass;
				PRODUCT_NAME = "$(TARGET_NAME)";
				SWIFT_VERSION = 4.2;
				TARGETED_DEVICE_FAMILY = "1,2";
			};
			name = Release;
		};
		AE58FF1D21D9B88D00C094F1 /* Debug */ = {
			isa = XCBuildConfiguration;
			buildSettings = {
				ALWAYS_EMBED_SWIFT_STANDARD_LIBRARIES = YES;
				BUNDLE_LOADER = "$(TEST_HOST)";
				CODE_SIGN_STYLE = Automatic;
				DEVELOPMENT_TEAM = JDSTZ7K2MV;
				INFOPLIST_FILE = OpenPassTests/Info.plist;
				LD_RUNPATH_SEARCH_PATHS = (
					"$(inherited)",
					"@executable_path/Frameworks",
					"@loader_path/Frameworks",
				);
				PRODUCT_BUNDLE_IDENTIFIER = martin.OpenPassTests;
				PRODUCT_NAME = "$(TARGET_NAME)";
				SWIFT_VERSION = 4.2;
				TARGETED_DEVICE_FAMILY = "1,2";
				TEST_HOST = "$(BUILT_PRODUCTS_DIR)/OpenPass.app/OpenPass";
			};
			name = Debug;
		};
		AE58FF1E21D9B88D00C094F1 /* Release */ = {
			isa = XCBuildConfiguration;
			buildSettings = {
				ALWAYS_EMBED_SWIFT_STANDARD_LIBRARIES = YES;
				BUNDLE_LOADER = "$(TEST_HOST)";
				CODE_SIGN_STYLE = Automatic;
				DEVELOPMENT_TEAM = JDSTZ7K2MV;
				INFOPLIST_FILE = OpenPassTests/Info.plist;
				LD_RUNPATH_SEARCH_PATHS = (
					"$(inherited)",
					"@executable_path/Frameworks",
					"@loader_path/Frameworks",
				);
				PRODUCT_BUNDLE_IDENTIFIER = martin.OpenPassTests;
				PRODUCT_NAME = "$(TARGET_NAME)";
				SWIFT_VERSION = 4.2;
				TARGETED_DEVICE_FAMILY = "1,2";
				TEST_HOST = "$(BUILT_PRODUCTS_DIR)/OpenPass.app/OpenPass";
			};
			name = Release;
		};
		AE58FF2021D9B88D00C094F1 /* Debug */ = {
			isa = XCBuildConfiguration;
			buildSettings = {
				ALWAYS_EMBED_SWIFT_STANDARD_LIBRARIES = YES;
				CODE_SIGN_STYLE = Automatic;
				DEVELOPMENT_TEAM = JDSTZ7K2MV;
				INFOPLIST_FILE = OpenPassUITests/Info.plist;
				LD_RUNPATH_SEARCH_PATHS = (
					"$(inherited)",
					"@executable_path/Frameworks",
					"@loader_path/Frameworks",
				);
				PRODUCT_BUNDLE_IDENTIFIER = martin.OpenPassUITests;
				PRODUCT_NAME = "$(TARGET_NAME)";
				SWIFT_VERSION = 4.2;
				TARGETED_DEVICE_FAMILY = "1,2";
				TEST_TARGET_NAME = OpenPass;
			};
			name = Debug;
		};
		AE58FF2121D9B88D00C094F1 /* Release */ = {
			isa = XCBuildConfiguration;
			buildSettings = {
				ALWAYS_EMBED_SWIFT_STANDARD_LIBRARIES = YES;
				CODE_SIGN_STYLE = Automatic;
				DEVELOPMENT_TEAM = JDSTZ7K2MV;
				INFOPLIST_FILE = OpenPassUITests/Info.plist;
				LD_RUNPATH_SEARCH_PATHS = (
					"$(inherited)",
					"@executable_path/Frameworks",
					"@loader_path/Frameworks",
				);
				PRODUCT_BUNDLE_IDENTIFIER = martin.OpenPassUITests;
				PRODUCT_NAME = "$(TARGET_NAME)";
				SWIFT_VERSION = 4.2;
				TARGETED_DEVICE_FAMILY = "1,2";
				TEST_TARGET_NAME = OpenPass;
			};
			name = Release;
		};
		AED9F4162211EB0700BB31EB /* Debug */ = {
			isa = XCBuildConfiguration;
			buildSettings = {
				ASSETCATALOG_COMPILER_APPICON_NAME = "iMessage App Icon";
				CODE_SIGN_ENTITLEMENTS = "OpenPass Communication/OpenPass Communication.entitlements";
				CODE_SIGN_STYLE = Automatic;
				DEVELOPMENT_TEAM = JDSTZ7K2MV;
				INFOPLIST_FILE = "OpenPass Communication/Info.plist";
				LD_RUNPATH_SEARCH_PATHS = (
					"$(inherited)",
					"@executable_path/Frameworks",
					"@executable_path/../../Frameworks",
				);
				PRODUCT_BUNDLE_IDENTIFIER = "martin.OpenPass.OpenPass-Communication";
				PRODUCT_NAME = "$(TARGET_NAME)";
				SKIP_INSTALL = YES;
				SWIFT_VERSION = 4.2;
				TARGETED_DEVICE_FAMILY = "1,2";
			};
			name = Debug;
		};
		AED9F4172211EB0700BB31EB /* Release */ = {
			isa = XCBuildConfiguration;
			buildSettings = {
				ASSETCATALOG_COMPILER_APPICON_NAME = "iMessage App Icon";
				CODE_SIGN_ENTITLEMENTS = "OpenPass Communication/OpenPass Communication.entitlements";
				CODE_SIGN_STYLE = Automatic;
				DEVELOPMENT_TEAM = JDSTZ7K2MV;
				INFOPLIST_FILE = "OpenPass Communication/Info.plist";
				LD_RUNPATH_SEARCH_PATHS = (
					"$(inherited)",
					"@executable_path/Frameworks",
					"@executable_path/../../Frameworks",
				);
				PRODUCT_BUNDLE_IDENTIFIER = "martin.OpenPass.OpenPass-Communication";
				PRODUCT_NAME = "$(TARGET_NAME)";
				SKIP_INSTALL = YES;
				SWIFT_VERSION = 4.2;
				TARGETED_DEVICE_FAMILY = "1,2";
			};
			name = Release;
		};
/* End XCBuildConfiguration section */

/* Begin XCConfigurationList section */
		AE58FEE921D9B88900C094F1 /* Build configuration list for PBXProject "OpenPass" */ = {
			isa = XCConfigurationList;
			buildConfigurations = (
				AE58FF1721D9B88D00C094F1 /* Debug */,
				AE58FF1821D9B88D00C094F1 /* Release */,
			);
			defaultConfigurationIsVisible = 0;
			defaultConfigurationName = Release;
		};
		AE58FF1921D9B88D00C094F1 /* Build configuration list for PBXNativeTarget "OpenPass" */ = {
			isa = XCConfigurationList;
			buildConfigurations = (
				AE58FF1A21D9B88D00C094F1 /* Debug */,
				AE58FF1B21D9B88D00C094F1 /* Release */,
			);
			defaultConfigurationIsVisible = 0;
			defaultConfigurationName = Release;
		};
		AE58FF1C21D9B88D00C094F1 /* Build configuration list for PBXNativeTarget "OpenPassTests" */ = {
			isa = XCConfigurationList;
			buildConfigurations = (
				AE58FF1D21D9B88D00C094F1 /* Debug */,
				AE58FF1E21D9B88D00C094F1 /* Release */,
			);
			defaultConfigurationIsVisible = 0;
			defaultConfigurationName = Release;
		};
		AE58FF1F21D9B88D00C094F1 /* Build configuration list for PBXNativeTarget "OpenPassUITests" */ = {
			isa = XCConfigurationList;
			buildConfigurations = (
				AE58FF2021D9B88D00C094F1 /* Debug */,
				AE58FF2121D9B88D00C094F1 /* Release */,
			);
			defaultConfigurationIsVisible = 0;
			defaultConfigurationName = Release;
		};
		AED9F4182211EB0700BB31EB /* Build configuration list for PBXNativeTarget "OpenPass Communication" */ = {
			isa = XCConfigurationList;
			buildConfigurations = (
				AED9F4162211EB0700BB31EB /* Debug */,
				AED9F4172211EB0700BB31EB /* Release */,
			);
			defaultConfigurationIsVisible = 0;
			defaultConfigurationName = Release;
		};
/* End XCConfigurationList section */

/* Begin XCVersionGroup section */
		AE58FEF821D9B88A00C094F1 /* OpenPass.xcdatamodeld */ = {
			isa = XCVersionGroup;
			children = (
				AE58FEF921D9B88A00C094F1 /* OpenPass.xcdatamodel */,
			);
			currentVersion = AE58FEF921D9B88A00C094F1 /* OpenPass.xcdatamodel */;
			path = OpenPass.xcdatamodeld;
			sourceTree = "<group>";
			versionGroupType = wrapper.xcdatamodel;
		};
/* End XCVersionGroup section */
	};
	rootObject = AE58FEE621D9B88900C094F1 /* Project object */;
}
